// !$*UTF8*$!
{
	archiveVersion = 1;
	classes = {
	};
	objectVersion = 55;
	objects = {

/* Begin PBXBuildFile section */
		27FA29902A388E9B009CAC45 /* ModalView.swift in Sources */ = {isa = PBXBuildFile; fileRef = 27FA298F2A388E9B009CAC45 /* ModalView.swift */; };
		2F2168AF2BA4F3A7004603AE /* Home.swift in Sources */ = {isa = PBXBuildFile; fileRef = 2F2168AE2BA4F3A7004603AE /* Home.swift */; };
		2F2168B32BA4FBF3004603AE /* MockStudy.swift in Sources */ = {isa = PBXBuildFile; fileRef = 2F2168B22BA4FBF3004603AE /* MockStudy.swift */; };
		2F2A56AF2B9DA6DF00B3534C /* SpeziFirebaseConfiguration in Frameworks */ = {isa = PBXBuildFile; productRef = 2F2A56AE2B9DA6DF00B3534C /* SpeziFirebaseConfiguration */; };
		2F2A56B12B9DA6DF00B3534C /* SpeziFirebaseStorage in Frameworks */ = {isa = PBXBuildFile; productRef = 2F2A56B02B9DA6DF00B3534C /* SpeziFirebaseStorage */; };
		2F2A56B32B9DA6DF00B3534C /* SpeziFirestore in Frameworks */ = {isa = PBXBuildFile; productRef = 2F2A56B22B9DA6DF00B3534C /* SpeziFirestore */; };
		2F2A56B62B9DA74100B3534C /* StudyApplicationDelegate.swift in Sources */ = {isa = PBXBuildFile; fileRef = 2F2A56B42B9DA74100B3534C /* StudyApplicationDelegate.swift */; };
		2F2A56B72B9DA74100B3534C /* StudyApplicationTestingSetup.swift in Sources */ = {isa = PBXBuildFile; fileRef = 2F2A56B52B9DA74100B3534C /* StudyApplicationTestingSetup.swift */; };
		2F2A56BA2B9DAA5500B3534C /* String+LocalizedError.swift in Sources */ = {isa = PBXBuildFile; fileRef = 2F2A56B92B9DAA5500B3534C /* String+LocalizedError.swift */; };
		2F3AF7362B9D9B8400340B4F /* Peripheral Artery Questionnaire (PAQ).json in Resources */ = {isa = PBXBuildFile; fileRef = 2F3AF7352B9D9B8400340B4F /* Peripheral Artery Questionnaire (PAQ).json */; };
		2F3D4ABC2A4E7C290068FB2F /* SpeziScheduler in Frameworks */ = {isa = PBXBuildFile; productRef = 2F3D4ABB2A4E7C290068FB2F /* SpeziScheduler */; };
		2F49B7762980407C00BCB272 /* Spezi in Frameworks */ = {isa = PBXBuildFile; productRef = 2F49B7752980407B00BCB272 /* Spezi */; };
		2F6025CB29BBE70F0045459E /* GoogleService-Info.plist in Resources */ = {isa = PBXBuildFile; fileRef = 2F6025CA29BBE70F0045459E /* GoogleService-Info.plist */; };
		2F65B44E2A3B8B0600A36932 /* NotificationPermissions.swift in Sources */ = {isa = PBXBuildFile; fileRef = 2F65B44D2A3B8B0600A36932 /* NotificationPermissions.swift */; };
		2F6B41652BB0B6DF00A6ADA2 /* StudyImage.swift in Sources */ = {isa = PBXBuildFile; fileRef = 2F6B41642BB0B6DF00A6ADA2 /* StudyImage.swift */; };
		2F6B41682BB0B6E300A6ADA2 /* StudyHeader.swift in Sources */ = {isa = PBXBuildFile; fileRef = 2F6B41672BB0B6E300A6ADA2 /* StudyHeader.swift */; };
		2F6B416A2BB0FE0500A6ADA2 /* Gauge.swift in Sources */ = {isa = PBXBuildFile; fileRef = 2F6B41692BB0FE0500A6ADA2 /* Gauge.swift */; };
		2FA0BFED2ACC977500E0EF83 /* Localizable.xcstrings in Resources */ = {isa = PBXBuildFile; fileRef = 2FA0BFEC2ACC977500E0EF83 /* Localizable.xcstrings */; };
		2FB099AF2A875DF100B20952 /* FirebaseAuth in Frameworks */ = {isa = PBXBuildFile; productRef = 2FB099AE2A875DF100B20952 /* FirebaseAuth */; };
		2FB099B12A875DF100B20952 /* FirebaseFirestore in Frameworks */ = {isa = PBXBuildFile; productRef = 2FB099B02A875DF100B20952 /* FirebaseFirestore */; };
		2FB099B32A875DF100B20952 /* FirebaseFirestoreSwift in Frameworks */ = {isa = PBXBuildFile; productRef = 2FB099B22A875DF100B20952 /* FirebaseFirestoreSwift */; };
		2FB099B62A875E2B00B20952 /* HealthKitOnFHIR in Frameworks */ = {isa = PBXBuildFile; productRef = 2FB099B52A875E2B00B20952 /* HealthKitOnFHIR */; };
		2FBD738C2A3BD150004228E7 /* SpeziScheduler in Frameworks */ = {isa = PBXBuildFile; productRef = 2FBD738B2A3BD150004228E7 /* SpeziScheduler */; };
		2FBF11702BAE918B0084DC05 /* DailyStepCountGoalModule.swift in Sources */ = {isa = PBXBuildFile; fileRef = 2FBF116F2BAE918B0084DC05 /* DailyStepCountGoalModule.swift */; };
		2FBF11752BAF69BA0084DC05 /* Observation+Continous.swift in Sources */ = {isa = PBXBuildFile; fileRef = 2FBF11742BAF69BA0084DC05 /* Observation+Continous.swift */; };
		2FBF11792BAF6DFB0084DC05 /* Engagement.swift in Sources */ = {isa = PBXBuildFile; fileRef = 2FBF11782BAF6DFB0084DC05 /* Engagement.swift */; };
		2FBF11862BB098660084DC05 /* DailyStepCountGoal.swift in Sources */ = {isa = PBXBuildFile; fileRef = 2FBF11852BB098660084DC05 /* DailyStepCountGoal.swift */; };
		2FBF118B2BB0999D0084DC05 /* StudyEnrollment.swift in Sources */ = {isa = PBXBuildFile; fileRef = 2FBF118A2BB0999D0084DC05 /* StudyEnrollment.swift */; };
		2FBF118E2BB0A5110084DC05 /* OrderedCollections in Frameworks */ = {isa = PBXBuildFile; productRef = 2FBF118D2BB0A5110084DC05 /* OrderedCollections */; };
		2FBF11912BB0A9970084DC05 /* StudyApplicationListCard.swift in Sources */ = {isa = PBXBuildFile; fileRef = 2FBF11902BB0A9970084DC05 /* StudyApplicationListCard.swift */; };
		2FC3439029EE6346002D773C /* SocialSupportQuestionnaire.json in Resources */ = {isa = PBXBuildFile; fileRef = 2FE5DC5529EDD811004B9AB4 /* SocialSupportQuestionnaire.json */; };
		2FC3439129EE6349002D773C /* AppIcon.png in Resources */ = {isa = PBXBuildFile; fileRef = 2FE5DC2A29EDD78D004B9AB4 /* AppIcon.png */; };
		2FC3439229EE634B002D773C /* ConsentDocument.md in Resources */ = {isa = PBXBuildFile; fileRef = 2FE5DC2C29EDD78E004B9AB4 /* ConsentDocument.md */; };
		2FC5FB852B34EA6700F13E59 /* StudyApplicationUITests.swift in Sources */ = {isa = PBXBuildFile; fileRef = 2FC5FB842B34EA6700F13E59 /* StudyApplicationUITests.swift */; };
		2FC5FB892B34F09500F13E59 /* Study.swift in Sources */ = {isa = PBXBuildFile; fileRef = 2FC5FB882B34F09500F13E59 /* Study.swift */; };
		2FC5FB8C2B34F1CA00F13E59 /* Organization.swift in Sources */ = {isa = PBXBuildFile; fileRef = 2FC5FB8B2B34F1CA00F13E59 /* Organization.swift */; };
		2FC5FB922B34F24E00F13E59 /* VascTracStudy.swift in Sources */ = {isa = PBXBuildFile; fileRef = 2FC5FB912B34F24E00F13E59 /* VascTracStudy.swift */; };
		2FC5FB942B34F55B00F13E59 /* StudyModule.swift in Sources */ = {isa = PBXBuildFile; fileRef = 2FC5FB932B34F55B00F13E59 /* StudyModule.swift */; };
		2FC5FB9A2B350B4900F13E59 /* State.swift in Sources */ = {isa = PBXBuildFile; fileRef = 2FC5FB992B350B4900F13E59 /* State.swift */; };
		2FC5FBA32B3511E400F13E59 /* StudyOnboardingMechanism.swift in Sources */ = {isa = PBXBuildFile; fileRef = 2FC5FBA22B3511E300F13E59 /* StudyOnboardingMechanism.swift */; };
		2FC5FBA52B3511EA00F13E59 /* InviationCodeStudyOnboardingMechanismError.swift in Sources */ = {isa = PBXBuildFile; fileRef = 2FC5FBA42B3511EA00F13E59 /* InviationCodeStudyOnboardingMechanismError.swift */; };
		2FC5FBA72B3511F400F13E59 /* InviationCodeStudyOnboardingMechanism.swift in Sources */ = {isa = PBXBuildFile; fileRef = 2FC5FBA62B3511F400F13E59 /* InviationCodeStudyOnboardingMechanism.swift */; };
		2FC5FBA92B3511FA00F13E59 /* InvitationCodeView.swift in Sources */ = {isa = PBXBuildFile; fileRef = 2FC5FBA82B3511FA00F13E59 /* InvitationCodeView.swift */; };
		2FC5FBAF2B3513DD00F13E59 /* StudyError.swift in Sources */ = {isa = PBXBuildFile; fileRef = 2FC5FBAE2B3513DD00F13E59 /* StudyError.swift */; };
		2FC5FBB22B35153000F13E59 /* StudyView.swift in Sources */ = {isa = PBXBuildFile; fileRef = 2FC5FBB12B35153000F13E59 /* StudyView.swift */; };
		2FC5FBB52B351FF800F13E59 /* StudyOnboardingFlow.swift in Sources */ = {isa = PBXBuildFile; fileRef = 2FC5FBB42B351FF800F13E59 /* StudyOnboardingFlow.swift */; };
		2FC5FBBC2B35758700F13E59 /* HealthKitAccess.swift in Sources */ = {isa = PBXBuildFile; fileRef = 2FC5FBBB2B35758700F13E59 /* HealthKitAccess.swift */; };
		2FC5FBC52B357BD700F13E59 /* AHA LE8.json in Resources */ = {isa = PBXBuildFile; fileRef = 2FC5FBBF2B357BD700F13E59 /* AHA LE8.json */; };
		2FC5FBC62B357BD700F13E59 /* Exercise Benefits Barriers.json in Resources */ = {isa = PBXBuildFile; fileRef = 2FC5FBC02B357BD700F13E59 /* Exercise Benefits Barriers.json */; };
		2FC5FBC72B357BD700F13E59 /* PAD Walking Impairment.json in Resources */ = {isa = PBXBuildFile; fileRef = 2FC5FBC12B357BD700F13E59 /* PAD Walking Impairment.json */; };
		2FC5FBC82B357BD700F13E59 /* Physical Activity Questionnaire.json in Resources */ = {isa = PBXBuildFile; fileRef = 2FC5FBC22B357BD700F13E59 /* Physical Activity Questionnaire.json */; };
		2FC5FBC92B357BD700F13E59 /* PHQ-9 Depression.json in Resources */ = {isa = PBXBuildFile; fileRef = 2FC5FBC32B357BD700F13E59 /* PHQ-9 Depression.json */; };
		2FC5FBCA2B357BD700F13E59 /* Berlin.json in Resources */ = {isa = PBXBuildFile; fileRef = 2FC5FBC42B357BD700F13E59 /* Berlin.json */; };
		2FC5FBCD2B357F3F00F13E59 /* StudiesView.swift in Sources */ = {isa = PBXBuildFile; fileRef = 2FC5FBCC2B357F3F00F13E59 /* StudiesView.swift */; };
		2FC975A82978F11A00BA99FE /* MainView.swift in Sources */ = {isa = PBXBuildFile; fileRef = 2FC975A72978F11A00BA99FE /* MainView.swift */; };
		2FD08B5F2B9DBE9200AC7523 /* FirebaseAccountConfiguration.swift in Sources */ = {isa = PBXBuildFile; fileRef = 2FD08B5E2B9DBE9200AC7523 /* FirebaseAccountConfiguration.swift */; };
		2FD08B622B9DC17200AC7523 /* FirebaseFunctions in Frameworks */ = {isa = PBXBuildFile; productRef = 2FD08B612B9DC17200AC7523 /* FirebaseFunctions */; };
		2FD08B652B9DC2E500AC7523 /* FirebaseFunctionsConfiguration.swift in Sources */ = {isa = PBXBuildFile; fileRef = 2FD08B642B9DC2E500AC7523 /* FirebaseFunctionsConfiguration.swift */; };
		2FD08B6A2B9DC4D100AC7523 /* SpeziValidation in Frameworks */ = {isa = PBXBuildFile; productRef = 2FD08B692B9DC4D100AC7523 /* SpeziValidation */; };
		2FE5DC3529EDD7CA004B9AB4 /* Consent.swift in Sources */ = {isa = PBXBuildFile; fileRef = 2FE5DC2F29EDD7CA004B9AB4 /* Consent.swift */; };
		2FE5DC3629EDD7CA004B9AB4 /* HealthKitPermissions.swift in Sources */ = {isa = PBXBuildFile; fileRef = 2FE5DC3029EDD7CA004B9AB4 /* HealthKitPermissions.swift */; };
		2FE5DC3729EDD7CA004B9AB4 /* OnboardingFlow.swift in Sources */ = {isa = PBXBuildFile; fileRef = 2FE5DC3129EDD7CA004B9AB4 /* OnboardingFlow.swift */; };
		2FE5DC3829EDD7CA004B9AB4 /* InterestingModules.swift in Sources */ = {isa = PBXBuildFile; fileRef = 2FE5DC3229EDD7CA004B9AB4 /* InterestingModules.swift */; };
		2FE5DC3A29EDD7CA004B9AB4 /* Welcome.swift in Sources */ = {isa = PBXBuildFile; fileRef = 2FE5DC3429EDD7CA004B9AB4 /* Welcome.swift */; };
		2FE5DC4029EDD7EE004B9AB4 /* FeatureFlags.swift in Sources */ = {isa = PBXBuildFile; fileRef = 2FE5DC3E29EDD7ED004B9AB4 /* FeatureFlags.swift */; };
		2FE5DC4129EDD7EE004B9AB4 /* StorageKeys.swift in Sources */ = {isa = PBXBuildFile; fileRef = 2FE5DC3F29EDD7EE004B9AB4 /* StorageKeys.swift */; };
		2FE5DC4529EDD7F2004B9AB4 /* Binding+Negate.swift in Sources */ = {isa = PBXBuildFile; fileRef = 2FE5DC4229EDD7F2004B9AB4 /* Binding+Negate.swift */; };
		2FE5DC4729EDD7F2004B9AB4 /* CodableArray+RawRepresentable.swift in Sources */ = {isa = PBXBuildFile; fileRef = 2FE5DC4429EDD7F2004B9AB4 /* CodableArray+RawRepresentable.swift */; };
		2FE5DC4E29EDD7FA004B9AB4 /* ScheduleView.swift in Sources */ = {isa = PBXBuildFile; fileRef = 2FE5DC4829EDD7FA004B9AB4 /* ScheduleView.swift */; };
		2FE5DC4F29EDD7FA004B9AB4 /* EventContext.swift in Sources */ = {isa = PBXBuildFile; fileRef = 2FE5DC4929EDD7FA004B9AB4 /* EventContext.swift */; };
		2FE5DC5029EDD7FA004B9AB4 /* EventContextView.swift in Sources */ = {isa = PBXBuildFile; fileRef = 2FE5DC4A29EDD7FA004B9AB4 /* EventContextView.swift */; };
		2FE5DC5129EDD7FA004B9AB4 /* StudyApplicationTaskContext.swift in Sources */ = {isa = PBXBuildFile; fileRef = 2FE5DC4B29EDD7FA004B9AB4 /* StudyApplicationTaskContext.swift */; };
		2FE5DC5229EDD7FA004B9AB4 /* StudyApplicationScheduler.swift in Sources */ = {isa = PBXBuildFile; fileRef = 2FE5DC4C29EDD7FA004B9AB4 /* StudyApplicationScheduler.swift */; };
		2FE5DC5329EDD7FA004B9AB4 /* Bundle+Questionnaire.swift in Sources */ = {isa = PBXBuildFile; fileRef = 2FE5DC4D29EDD7FA004B9AB4 /* Bundle+Questionnaire.swift */; };
		2FE5DC6729EDD894004B9AB4 /* SpeziContact in Frameworks */ = {isa = PBXBuildFile; productRef = 2FE5DC6629EDD894004B9AB4 /* SpeziContact */; };
		2FE5DC7229EDD8D3004B9AB4 /* SpeziHealthKit in Frameworks */ = {isa = PBXBuildFile; productRef = 2FE5DC7129EDD8D3004B9AB4 /* SpeziHealthKit */; };
		2FE5DC8429EDD934004B9AB4 /* SpeziQuestionnaire in Frameworks */ = {isa = PBXBuildFile; productRef = 2FE5DC8329EDD934004B9AB4 /* SpeziQuestionnaire */; };
		2FE5DC8A29EDD972004B9AB4 /* SpeziLocalStorage in Frameworks */ = {isa = PBXBuildFile; productRef = 2FE5DC8929EDD972004B9AB4 /* SpeziLocalStorage */; };
		2FE5DC8C29EDD972004B9AB4 /* SpeziSecureStorage in Frameworks */ = {isa = PBXBuildFile; productRef = 2FE5DC8B29EDD972004B9AB4 /* SpeziSecureStorage */; };
		2FE5DC8F29EDD980004B9AB4 /* SpeziViews in Frameworks */ = {isa = PBXBuildFile; productRef = 2FE5DC8E29EDD980004B9AB4 /* SpeziViews */; };
		2FE5DC9929EDD9D9004B9AB4 /* XCTestExtensions in Frameworks */ = {isa = PBXBuildFile; productRef = 2FE5DC9829EDD9D9004B9AB4 /* XCTestExtensions */; };
		2FE5DC9C29EDD9EF004B9AB4 /* XCTHealthKit in Frameworks */ = {isa = PBXBuildFile; productRef = 2FE5DC9B29EDD9EF004B9AB4 /* XCTHealthKit */; };
		2FF53D8D2A8729D600042B76 /* StudyApplicationStandard.swift in Sources */ = {isa = PBXBuildFile; fileRef = 2FF53D8C2A8729D600042B76 /* StudyApplicationStandard.swift */; };
		5661551D2AB8384200209B80 /* SwiftPackageList in Frameworks */ = {isa = PBXBuildFile; productRef = 5661551C2AB8384200209B80 /* SwiftPackageList */; };
		566155292AB8447C00209B80 /* Package+LicenseType.swift in Sources */ = {isa = PBXBuildFile; fileRef = 566155282AB8447C00209B80 /* Package+LicenseType.swift */; };
		5661552E2AB854C000209B80 /* PackageHelper.swift in Sources */ = {isa = PBXBuildFile; fileRef = 5661552D2AB854C000209B80 /* PackageHelper.swift */; };
		5680DD392AB8983D004E6D4A /* PackageCell.swift in Sources */ = {isa = PBXBuildFile; fileRef = 5680DD382AB8983D004E6D4A /* PackageCell.swift */; };
		56F6F2A02AB441930022FE5A /* ContributionsList.swift in Sources */ = {isa = PBXBuildFile; fileRef = 56F6F29F2AB441930022FE5A /* ContributionsList.swift */; };
		653A2551283387FE005D4D48 /* StudyApplication.swift in Sources */ = {isa = PBXBuildFile; fileRef = 653A2550283387FE005D4D48 /* StudyApplication.swift */; };
		653A255528338800005D4D48 /* Assets.xcassets in Resources */ = {isa = PBXBuildFile; fileRef = 653A255428338800005D4D48 /* Assets.xcassets */; };
		653A256228338800005D4D48 /* StudyApplicationTests.swift in Sources */ = {isa = PBXBuildFile; fileRef = 653A256128338800005D4D48 /* StudyApplicationTests.swift */; };
		9733CFC62A8066DE001B7ABC /* SpeziOnboarding in Frameworks */ = {isa = PBXBuildFile; productRef = 2FE5DC8029EDD91D004B9AB4 /* SpeziOnboarding */; };
		9739A0C62AD7B5730084BEA5 /* FirebaseStorage in Frameworks */ = {isa = PBXBuildFile; productRef = 9739A0C52AD7B5730084BEA5 /* FirebaseStorage */; };
/* End PBXBuildFile section */

/* Begin PBXContainerItemProxy section */
		653A255E28338800005D4D48 /* PBXContainerItemProxy */ = {
			isa = PBXContainerItemProxy;
			containerPortal = 653A2545283387FE005D4D48 /* Project object */;
			proxyType = 1;
			remoteGlobalIDString = 653A254C283387FE005D4D48;
			remoteInfo = StudyApplication;
		};
		653A256828338800005D4D48 /* PBXContainerItemProxy */ = {
			isa = PBXContainerItemProxy;
			containerPortal = 653A2545283387FE005D4D48 /* Project object */;
			proxyType = 1;
			remoteGlobalIDString = 653A254C283387FE005D4D48;
			remoteInfo = StudyApplication;
		};
/* End PBXContainerItemProxy section */

/* Begin PBXFileReference section */
		27FA298F2A388E9B009CAC45 /* ModalView.swift */ = {isa = PBXFileReference; lastKnownFileType = sourcecode.swift; path = ModalView.swift; sourceTree = "<group>"; };
		2F2168AE2BA4F3A7004603AE /* Home.swift */ = {isa = PBXFileReference; lastKnownFileType = sourcecode.swift; path = Home.swift; sourceTree = "<group>"; };
		2F2168B22BA4FBF3004603AE /* MockStudy.swift */ = {isa = PBXFileReference; lastKnownFileType = sourcecode.swift; path = MockStudy.swift; sourceTree = "<group>"; };
		2F2A56B42B9DA74100B3534C /* StudyApplicationDelegate.swift */ = {isa = PBXFileReference; fileEncoding = 4; lastKnownFileType = sourcecode.swift; path = StudyApplicationDelegate.swift; sourceTree = "<group>"; };
		2F2A56B52B9DA74100B3534C /* StudyApplicationTestingSetup.swift */ = {isa = PBXFileReference; fileEncoding = 4; lastKnownFileType = sourcecode.swift; path = StudyApplicationTestingSetup.swift; sourceTree = "<group>"; };
		2F2A56B92B9DAA5500B3534C /* String+LocalizedError.swift */ = {isa = PBXFileReference; fileEncoding = 4; lastKnownFileType = sourcecode.swift; path = "String+LocalizedError.swift"; sourceTree = "<group>"; };
		2F3AF7352B9D9B8400340B4F /* Peripheral Artery Questionnaire (PAQ).json */ = {isa = PBXFileReference; fileEncoding = 4; lastKnownFileType = text.json; path = "Peripheral Artery Questionnaire (PAQ).json"; sourceTree = "<group>"; };
		2F6025CA29BBE70F0045459E /* GoogleService-Info.plist */ = {isa = PBXFileReference; fileEncoding = 4; lastKnownFileType = text.plist.xml; path = "GoogleService-Info.plist"; sourceTree = "<group>"; };
		2F65B44D2A3B8B0600A36932 /* NotificationPermissions.swift */ = {isa = PBXFileReference; lastKnownFileType = sourcecode.swift; path = NotificationPermissions.swift; sourceTree = "<group>"; };
		2F6B41642BB0B6DF00A6ADA2 /* StudyImage.swift */ = {isa = PBXFileReference; lastKnownFileType = sourcecode.swift; path = StudyImage.swift; sourceTree = "<group>"; };
		2F6B41672BB0B6E300A6ADA2 /* StudyHeader.swift */ = {isa = PBXFileReference; lastKnownFileType = sourcecode.swift; path = StudyHeader.swift; sourceTree = "<group>"; };
		2F6B41692BB0FE0500A6ADA2 /* Gauge.swift */ = {isa = PBXFileReference; lastKnownFileType = sourcecode.swift; path = Gauge.swift; sourceTree = "<group>"; };
		2FA0BFEC2ACC977500E0EF83 /* Localizable.xcstrings */ = {isa = PBXFileReference; lastKnownFileType = text.json.xcstrings; path = Localizable.xcstrings; sourceTree = "<group>"; };
		2FAEC07F297F583900C11C42 /* StudyApplication.entitlements */ = {isa = PBXFileReference; lastKnownFileType = text.plist.entitlements; path = StudyApplication.entitlements; sourceTree = "<group>"; };
		2FBF116F2BAE918B0084DC05 /* DailyStepCountGoalModule.swift */ = {isa = PBXFileReference; lastKnownFileType = sourcecode.swift; path = DailyStepCountGoalModule.swift; sourceTree = "<group>"; };
		2FBF11742BAF69BA0084DC05 /* Observation+Continous.swift */ = {isa = PBXFileReference; lastKnownFileType = sourcecode.swift; path = "Observation+Continous.swift"; sourceTree = "<group>"; };
		2FBF11782BAF6DFB0084DC05 /* Engagement.swift */ = {isa = PBXFileReference; lastKnownFileType = sourcecode.swift; path = Engagement.swift; sourceTree = "<group>"; };
		2FBF11852BB098660084DC05 /* DailyStepCountGoal.swift */ = {isa = PBXFileReference; lastKnownFileType = sourcecode.swift; path = DailyStepCountGoal.swift; sourceTree = "<group>"; };
		2FBF118A2BB0999D0084DC05 /* StudyEnrollment.swift */ = {isa = PBXFileReference; lastKnownFileType = sourcecode.swift; path = StudyEnrollment.swift; sourceTree = "<group>"; };
		2FBF11902BB0A9970084DC05 /* StudyApplicationListCard.swift */ = {isa = PBXFileReference; lastKnownFileType = sourcecode.swift; path = StudyApplicationListCard.swift; sourceTree = "<group>"; };
		2FC5FB842B34EA6700F13E59 /* StudyApplicationUITests.swift */ = {isa = PBXFileReference; lastKnownFileType = sourcecode.swift; path = StudyApplicationUITests.swift; sourceTree = "<group>"; };
		2FC5FB882B34F09500F13E59 /* Study.swift */ = {isa = PBXFileReference; lastKnownFileType = sourcecode.swift; path = Study.swift; sourceTree = "<group>"; };
		2FC5FB8B2B34F1CA00F13E59 /* Organization.swift */ = {isa = PBXFileReference; lastKnownFileType = sourcecode.swift; path = Organization.swift; sourceTree = "<group>"; };
		2FC5FB912B34F24E00F13E59 /* VascTracStudy.swift */ = {isa = PBXFileReference; lastKnownFileType = sourcecode.swift; path = VascTracStudy.swift; sourceTree = "<group>"; };
		2FC5FB932B34F55B00F13E59 /* StudyModule.swift */ = {isa = PBXFileReference; lastKnownFileType = sourcecode.swift; path = StudyModule.swift; sourceTree = "<group>"; };
		2FC5FB992B350B4900F13E59 /* State.swift */ = {isa = PBXFileReference; lastKnownFileType = sourcecode.swift; path = State.swift; sourceTree = "<group>"; };
		2FC5FBA22B3511E300F13E59 /* StudyOnboardingMechanism.swift */ = {isa = PBXFileReference; lastKnownFileType = sourcecode.swift; path = StudyOnboardingMechanism.swift; sourceTree = "<group>"; };
		2FC5FBA42B3511EA00F13E59 /* InviationCodeStudyOnboardingMechanismError.swift */ = {isa = PBXFileReference; lastKnownFileType = sourcecode.swift; path = InviationCodeStudyOnboardingMechanismError.swift; sourceTree = "<group>"; };
		2FC5FBA62B3511F400F13E59 /* InviationCodeStudyOnboardingMechanism.swift */ = {isa = PBXFileReference; lastKnownFileType = sourcecode.swift; path = InviationCodeStudyOnboardingMechanism.swift; sourceTree = "<group>"; };
		2FC5FBA82B3511FA00F13E59 /* InvitationCodeView.swift */ = {isa = PBXFileReference; lastKnownFileType = sourcecode.swift; path = InvitationCodeView.swift; sourceTree = "<group>"; };
		2FC5FBAE2B3513DD00F13E59 /* StudyError.swift */ = {isa = PBXFileReference; lastKnownFileType = sourcecode.swift; path = StudyError.swift; sourceTree = "<group>"; };
		2FC5FBB12B35153000F13E59 /* StudyView.swift */ = {isa = PBXFileReference; lastKnownFileType = sourcecode.swift; path = StudyView.swift; sourceTree = "<group>"; };
		2FC5FBB42B351FF800F13E59 /* StudyOnboardingFlow.swift */ = {isa = PBXFileReference; lastKnownFileType = sourcecode.swift; path = StudyOnboardingFlow.swift; sourceTree = "<group>"; };
		2FC5FBBB2B35758700F13E59 /* HealthKitAccess.swift */ = {isa = PBXFileReference; lastKnownFileType = sourcecode.swift; path = HealthKitAccess.swift; sourceTree = "<group>"; };
		2FC5FBBF2B357BD700F13E59 /* AHA LE8.json */ = {isa = PBXFileReference; fileEncoding = 4; lastKnownFileType = text.json; path = "AHA LE8.json"; sourceTree = "<group>"; };
		2FC5FBC02B357BD700F13E59 /* Exercise Benefits Barriers.json */ = {isa = PBXFileReference; fileEncoding = 4; lastKnownFileType = text.json; path = "Exercise Benefits Barriers.json"; sourceTree = "<group>"; };
		2FC5FBC12B357BD700F13E59 /* PAD Walking Impairment.json */ = {isa = PBXFileReference; fileEncoding = 4; lastKnownFileType = text.json; path = "PAD Walking Impairment.json"; sourceTree = "<group>"; };
		2FC5FBC22B357BD700F13E59 /* Physical Activity Questionnaire.json */ = {isa = PBXFileReference; fileEncoding = 4; lastKnownFileType = text.json; path = "Physical Activity Questionnaire.json"; sourceTree = "<group>"; };
		2FC5FBC32B357BD700F13E59 /* PHQ-9 Depression.json */ = {isa = PBXFileReference; fileEncoding = 4; lastKnownFileType = text.json; path = "PHQ-9 Depression.json"; sourceTree = "<group>"; };
		2FC5FBC42B357BD700F13E59 /* Berlin.json */ = {isa = PBXFileReference; fileEncoding = 4; lastKnownFileType = text.json; path = Berlin.json; sourceTree = "<group>"; };
		2FC5FBCC2B357F3F00F13E59 /* StudiesView.swift */ = {isa = PBXFileReference; lastKnownFileType = sourcecode.swift; path = StudiesView.swift; sourceTree = "<group>"; };
		2FC94CD4298B0A1D009C8209 /* StudyApplication.xctestplan */ = {isa = PBXFileReference; lastKnownFileType = text; path = StudyApplication.xctestplan; sourceTree = "<group>"; };
		2FC975A72978F11A00BA99FE /* MainView.swift */ = {isa = PBXFileReference; lastKnownFileType = sourcecode.swift; path = MainView.swift; sourceTree = "<group>"; };
		2FD08B5E2B9DBE9200AC7523 /* FirebaseAccountConfiguration.swift */ = {isa = PBXFileReference; lastKnownFileType = sourcecode.swift; path = FirebaseAccountConfiguration.swift; sourceTree = "<group>"; };
		2FD08B642B9DC2E500AC7523 /* FirebaseFunctionsConfiguration.swift */ = {isa = PBXFileReference; lastKnownFileType = sourcecode.swift; path = FirebaseFunctionsConfiguration.swift; sourceTree = "<group>"; };
		2FE5DC2A29EDD78D004B9AB4 /* AppIcon.png */ = {isa = PBXFileReference; lastKnownFileType = image.png; path = AppIcon.png; sourceTree = "<group>"; };
		2FE5DC2C29EDD78E004B9AB4 /* ConsentDocument.md */ = {isa = PBXFileReference; lastKnownFileType = net.daringfireball.markdown; path = ConsentDocument.md; sourceTree = "<group>"; };
		2FE5DC2F29EDD7CA004B9AB4 /* Consent.swift */ = {isa = PBXFileReference; fileEncoding = 4; lastKnownFileType = sourcecode.swift; path = Consent.swift; sourceTree = "<group>"; };
		2FE5DC3029EDD7CA004B9AB4 /* HealthKitPermissions.swift */ = {isa = PBXFileReference; fileEncoding = 4; lastKnownFileType = sourcecode.swift; path = HealthKitPermissions.swift; sourceTree = "<group>"; };
		2FE5DC3129EDD7CA004B9AB4 /* OnboardingFlow.swift */ = {isa = PBXFileReference; fileEncoding = 4; lastKnownFileType = sourcecode.swift; path = OnboardingFlow.swift; sourceTree = "<group>"; };
		2FE5DC3229EDD7CA004B9AB4 /* InterestingModules.swift */ = {isa = PBXFileReference; fileEncoding = 4; lastKnownFileType = sourcecode.swift; path = InterestingModules.swift; sourceTree = "<group>"; };
		2FE5DC3429EDD7CA004B9AB4 /* Welcome.swift */ = {isa = PBXFileReference; fileEncoding = 4; lastKnownFileType = sourcecode.swift; path = Welcome.swift; sourceTree = "<group>"; };
		2FE5DC3E29EDD7ED004B9AB4 /* FeatureFlags.swift */ = {isa = PBXFileReference; fileEncoding = 4; lastKnownFileType = sourcecode.swift; path = FeatureFlags.swift; sourceTree = "<group>"; };
		2FE5DC3F29EDD7EE004B9AB4 /* StorageKeys.swift */ = {isa = PBXFileReference; fileEncoding = 4; lastKnownFileType = sourcecode.swift; path = StorageKeys.swift; sourceTree = "<group>"; };
		2FE5DC4229EDD7F2004B9AB4 /* Binding+Negate.swift */ = {isa = PBXFileReference; fileEncoding = 4; lastKnownFileType = sourcecode.swift; path = "Binding+Negate.swift"; sourceTree = "<group>"; };
		2FE5DC4429EDD7F2004B9AB4 /* CodableArray+RawRepresentable.swift */ = {isa = PBXFileReference; fileEncoding = 4; lastKnownFileType = sourcecode.swift; path = "CodableArray+RawRepresentable.swift"; sourceTree = "<group>"; };
		2FE5DC4829EDD7FA004B9AB4 /* ScheduleView.swift */ = {isa = PBXFileReference; fileEncoding = 4; lastKnownFileType = sourcecode.swift; path = ScheduleView.swift; sourceTree = "<group>"; };
		2FE5DC4929EDD7FA004B9AB4 /* EventContext.swift */ = {isa = PBXFileReference; fileEncoding = 4; lastKnownFileType = sourcecode.swift; path = EventContext.swift; sourceTree = "<group>"; };
		2FE5DC4A29EDD7FA004B9AB4 /* EventContextView.swift */ = {isa = PBXFileReference; fileEncoding = 4; lastKnownFileType = sourcecode.swift; path = EventContextView.swift; sourceTree = "<group>"; };
		2FE5DC4B29EDD7FA004B9AB4 /* StudyApplicationTaskContext.swift */ = {isa = PBXFileReference; fileEncoding = 4; lastKnownFileType = sourcecode.swift; path = StudyApplicationTaskContext.swift; sourceTree = "<group>"; };
		2FE5DC4C29EDD7FA004B9AB4 /* StudyApplicationScheduler.swift */ = {isa = PBXFileReference; fileEncoding = 4; lastKnownFileType = sourcecode.swift; path = StudyApplicationScheduler.swift; sourceTree = "<group>"; };
		2FE5DC4D29EDD7FA004B9AB4 /* Bundle+Questionnaire.swift */ = {isa = PBXFileReference; fileEncoding = 4; lastKnownFileType = sourcecode.swift; path = "Bundle+Questionnaire.swift"; sourceTree = "<group>"; };
		2FE5DC5529EDD811004B9AB4 /* SocialSupportQuestionnaire.json */ = {isa = PBXFileReference; lastKnownFileType = text.json; path = SocialSupportQuestionnaire.json; sourceTree = "<group>"; };
		2FF53D8C2A8729D600042B76 /* StudyApplicationStandard.swift */ = {isa = PBXFileReference; fileEncoding = 4; lastKnownFileType = sourcecode.swift; path = StudyApplicationStandard.swift; sourceTree = "<group>"; };
		566155282AB8447C00209B80 /* Package+LicenseType.swift */ = {isa = PBXFileReference; lastKnownFileType = sourcecode.swift; path = "Package+LicenseType.swift"; sourceTree = "<group>"; };
		5661552D2AB854C000209B80 /* PackageHelper.swift */ = {isa = PBXFileReference; lastKnownFileType = sourcecode.swift; path = PackageHelper.swift; sourceTree = "<group>"; };
		5680DD382AB8983D004E6D4A /* PackageCell.swift */ = {isa = PBXFileReference; lastKnownFileType = sourcecode.swift; path = PackageCell.swift; sourceTree = "<group>"; };
		56F6F29F2AB441930022FE5A /* ContributionsList.swift */ = {isa = PBXFileReference; lastKnownFileType = sourcecode.swift; path = ContributionsList.swift; sourceTree = "<group>"; };
		653A254D283387FE005D4D48 /* StudyApplication.app */ = {isa = PBXFileReference; explicitFileType = wrapper.application; includeInIndex = 0; path = StudyApplication.app; sourceTree = BUILT_PRODUCTS_DIR; };
		653A2550283387FE005D4D48 /* StudyApplication.swift */ = {isa = PBXFileReference; lastKnownFileType = sourcecode.swift; path = StudyApplication.swift; sourceTree = "<group>"; };
		653A255428338800005D4D48 /* Assets.xcassets */ = {isa = PBXFileReference; lastKnownFileType = folder.assetcatalog; path = Assets.xcassets; sourceTree = "<group>"; };
		653A255D28338800005D4D48 /* StudyApplicationTests.xctest */ = {isa = PBXFileReference; explicitFileType = wrapper.cfbundle; includeInIndex = 0; path = StudyApplicationTests.xctest; sourceTree = BUILT_PRODUCTS_DIR; };
		653A256128338800005D4D48 /* StudyApplicationTests.swift */ = {isa = PBXFileReference; lastKnownFileType = sourcecode.swift; path = StudyApplicationTests.swift; sourceTree = "<group>"; };
		653A256728338800005D4D48 /* StudyApplicationUITests.xctest */ = {isa = PBXFileReference; explicitFileType = wrapper.cfbundle; includeInIndex = 0; path = StudyApplicationUITests.xctest; sourceTree = BUILT_PRODUCTS_DIR; };
		653A258928339462005D4D48 /* Info.plist */ = {isa = PBXFileReference; lastKnownFileType = text.plist.xml; path = Info.plist; sourceTree = "<group>"; };
/* End PBXFileReference section */

/* Begin PBXFrameworksBuildPhase section */
		653A254A283387FE005D4D48 /* Frameworks */ = {
			isa = PBXFrameworksBuildPhase;
			buildActionMask = 2147483647;
			files = (
				2FBF118E2BB0A5110084DC05 /* OrderedCollections in Frameworks */,
				9733CFC62A8066DE001B7ABC /* SpeziOnboarding in Frameworks */,
				2FB099AF2A875DF100B20952 /* FirebaseAuth in Frameworks */,
				2FE5DC6729EDD894004B9AB4 /* SpeziContact in Frameworks */,
				2FE5DC8429EDD934004B9AB4 /* SpeziQuestionnaire in Frameworks */,
				2FB099B32A875DF100B20952 /* FirebaseFirestoreSwift in Frameworks */,
				5661551D2AB8384200209B80 /* SwiftPackageList in Frameworks */,
				2FB099B12A875DF100B20952 /* FirebaseFirestore in Frameworks */,
				2FB099B62A875E2B00B20952 /* HealthKitOnFHIR in Frameworks */,
				2FE5DC8A29EDD972004B9AB4 /* SpeziLocalStorage in Frameworks */,
				2FE5DC8C29EDD972004B9AB4 /* SpeziSecureStorage in Frameworks */,
				9739A0C62AD7B5730084BEA5 /* FirebaseStorage in Frameworks */,
				2FE5DC7229EDD8D3004B9AB4 /* SpeziHealthKit in Frameworks */,
				2F49B7762980407C00BCB272 /* Spezi in Frameworks */,
				2FE5DC8F29EDD980004B9AB4 /* SpeziViews in Frameworks */,
				2FD08B622B9DC17200AC7523 /* FirebaseFunctions in Frameworks */,
				2F3D4ABC2A4E7C290068FB2F /* SpeziScheduler in Frameworks */,
				2F2A56B32B9DA6DF00B3534C /* SpeziFirestore in Frameworks */,
				2F2A56B12B9DA6DF00B3534C /* SpeziFirebaseStorage in Frameworks */,
				2F2A56AF2B9DA6DF00B3534C /* SpeziFirebaseConfiguration in Frameworks */,
				2FBD738C2A3BD150004228E7 /* SpeziScheduler in Frameworks */,
				2FD08B6A2B9DC4D100AC7523 /* SpeziValidation in Frameworks */,
			);
			runOnlyForDeploymentPostprocessing = 0;
		};
		653A255A28338800005D4D48 /* Frameworks */ = {
			isa = PBXFrameworksBuildPhase;
			buildActionMask = 2147483647;
			files = (
			);
			runOnlyForDeploymentPostprocessing = 0;
		};
		653A256428338800005D4D48 /* Frameworks */ = {
			isa = PBXFrameworksBuildPhase;
			buildActionMask = 2147483647;
			files = (
				2FE5DC9929EDD9D9004B9AB4 /* XCTestExtensions in Frameworks */,
				2FE5DC9C29EDD9EF004B9AB4 /* XCTHealthKit in Frameworks */,
			);
			runOnlyForDeploymentPostprocessing = 0;
		};
/* End PBXFrameworksBuildPhase section */

/* Begin PBXGroup section */
		2F2168AD2BA4F39D004603AE /* Home */ = {
			isa = PBXGroup;
			children = (
				2F2168AE2BA4F3A7004603AE /* Home.swift */,
			);
			path = Home;
			sourceTree = "<group>";
		};
		2F2168B02BA4FBDF004603AE /* MockStudy */ = {
			isa = PBXGroup;
			children = (
				2F2168B22BA4FBF3004603AE /* MockStudy.swift */,
			);
			path = MockStudy;
			sourceTree = "<group>";
		};
		2FBF117E2BAF70E90084DC05 /* Views */ = {
			isa = PBXGroup;
			children = (
				2FC5FBB12B35153000F13E59 /* StudyView.swift */,
				2F6B41642BB0B6DF00A6ADA2 /* StudyImage.swift */,
				2F6B41672BB0B6E300A6ADA2 /* StudyHeader.swift */,
				2FC5FBCC2B357F3F00F13E59 /* StudiesView.swift */,
			);
			path = Views;
			sourceTree = "<group>";
		};
		2FBF11802BAF713C0084DC05 /* Modules */ = {
			isa = PBXGroup;
			children = (
				2FC5FB882B34F09500F13E59 /* Study.swift */,
				2FC5FB992B350B4900F13E59 /* State.swift */,
				2FC5FBBB2B35758700F13E59 /* HealthKitAccess.swift */,
				2FC5FB8B2B34F1CA00F13E59 /* Organization.swift */,
				2FBF11782BAF6DFB0084DC05 /* Engagement.swift */,
			);
			path = Modules;
			sourceTree = "<group>";
		};
		2FBF11822BB0981D0084DC05 /* Engagements */ = {
			isa = PBXGroup;
			children = (
				2FBF11882BB0998E0084DC05 /* StudyEnrollment */,
				2FBF11842BB098310084DC05 /* DailyStepCountGoal */,
			);
			path = Engagements;
			sourceTree = "<group>";
		};
		2FBF11842BB098310084DC05 /* DailyStepCountGoal */ = {
			isa = PBXGroup;
			children = (
				2FBF116F2BAE918B0084DC05 /* DailyStepCountGoalModule.swift */,
				2FBF11852BB098660084DC05 /* DailyStepCountGoal.swift */,
				2F6B41692BB0FE0500A6ADA2 /* Gauge.swift */,
			);
			path = DailyStepCountGoal;
			sourceTree = "<group>";
		};
		2FBF11882BB0998E0084DC05 /* StudyEnrollment */ = {
			isa = PBXGroup;
			children = (
				2FBF118A2BB0999D0084DC05 /* StudyEnrollment.swift */,
			);
			path = StudyEnrollment;
			sourceTree = "<group>";
		};
		2FC5FB802B34E69400F13E59 /* StudyOnboarding */ = {
			isa = PBXGroup;
			children = (
				2FC5FBA02B3511D600F13E59 /* OnboardingMechanisms */,
				2FC5FBB42B351FF800F13E59 /* StudyOnboardingFlow.swift */,
				2FE5DC2F29EDD7CA004B9AB4 /* Consent.swift */,
				2FE5DC3029EDD7CA004B9AB4 /* HealthKitPermissions.swift */,
				2F65B44D2A3B8B0600A36932 /* NotificationPermissions.swift */,
			);
			path = StudyOnboarding;
			sourceTree = "<group>";
		};
		2FC5FB872B34F08500F13E59 /* Study */ = {
			isa = PBXGroup;
			children = (
				2FC5FB932B34F55B00F13E59 /* StudyModule.swift */,
				2FC5FBAE2B3513DD00F13E59 /* StudyError.swift */,
				2FBF117E2BAF70E90084DC05 /* Views */,
				2FBF11802BAF713C0084DC05 /* Modules */,
			);
			path = Study;
			sourceTree = "<group>";
		};
		2FC5FB8E2B34F20200F13E59 /* Studies */ = {
			isa = PBXGroup;
			children = (
				2F2168B02BA4FBDF004603AE /* MockStudy */,
				2FC5FB902B34F20B00F13E59 /* VascTrac */,
			);
			path = Studies;
			sourceTree = "<group>";
		};
		2FC5FB902B34F20B00F13E59 /* VascTrac */ = {
			isa = PBXGroup;
			children = (
				2FC5FBBF2B357BD700F13E59 /* AHA LE8.json */,
				2FC5FBC42B357BD700F13E59 /* Berlin.json */,
				2FC5FBC02B357BD700F13E59 /* Exercise Benefits Barriers.json */,
				2FC5FBC12B357BD700F13E59 /* PAD Walking Impairment.json */,
				2FC5FBC32B357BD700F13E59 /* PHQ-9 Depression.json */,
				2FC5FBC22B357BD700F13E59 /* Physical Activity Questionnaire.json */,
				2F3AF7352B9D9B8400340B4F /* Peripheral Artery Questionnaire (PAQ).json */,
				2FC5FB912B34F24E00F13E59 /* VascTracStudy.swift */,
			);
			path = VascTrac;
			sourceTree = "<group>";
		};
		2FC5FBA02B3511D600F13E59 /* OnboardingMechanisms */ = {
			isa = PBXGroup;
			children = (
				2FC5FBAA2B3511FD00F13E59 /* InvitationCode */,
				2FC5FBA22B3511E300F13E59 /* StudyOnboardingMechanism.swift */,
			);
			path = OnboardingMechanisms;
			sourceTree = "<group>";
		};
		2FC5FBAA2B3511FD00F13E59 /* InvitationCode */ = {
			isa = PBXGroup;
			children = (
				2FC5FBA62B3511F400F13E59 /* InviationCodeStudyOnboardingMechanism.swift */,
				2FC5FBA82B3511FA00F13E59 /* InvitationCodeView.swift */,
				2FC5FBA42B3511EA00F13E59 /* InviationCodeStudyOnboardingMechanismError.swift */,
			);
			path = InvitationCode;
			sourceTree = "<group>";
		};
		2FC9759D2978E30800BA99FE /* Supporting Files */ = {
			isa = PBXGroup;
			children = (
				2FAEC07F297F583900C11C42 /* StudyApplication.entitlements */,
				653A258928339462005D4D48 /* Info.plist */,
				2F6025CA29BBE70F0045459E /* GoogleService-Info.plist */,
			);
			path = "Supporting Files";
			sourceTree = "<group>";
		};
		2FD08B5C2B9DBE7800AC7523 /* Firebase */ = {
			isa = PBXGroup;
			children = (
				2FD08B5E2B9DBE9200AC7523 /* FirebaseAccountConfiguration.swift */,
				2FD08B642B9DC2E500AC7523 /* FirebaseFunctionsConfiguration.swift */,
			);
			path = Firebase;
			sourceTree = "<group>";
		};
		2FE5DC2829EDD398004B9AB4 /* Onboarding */ = {
			isa = PBXGroup;
			children = (
				2FE5DC3129EDD7CA004B9AB4 /* OnboardingFlow.swift */,
				2FE5DC3429EDD7CA004B9AB4 /* Welcome.swift */,
				2FE5DC3229EDD7CA004B9AB4 /* InterestingModules.swift */,
			);
			path = Onboarding;
			sourceTree = "<group>";
		};
		2FE5DC2D29EDD792004B9AB4 /* Resources */ = {
			isa = PBXGroup;
			children = (
				653A255428338800005D4D48 /* Assets.xcassets */,
				2FA0BFEC2ACC977500E0EF83 /* Localizable.xcstrings */,
				2FE5DC2C29EDD78E004B9AB4 /* ConsentDocument.md */,
				2FE5DC2A29EDD78D004B9AB4 /* AppIcon.png */,
				2FE5DC5529EDD811004B9AB4 /* SocialSupportQuestionnaire.json */,
			);
			path = Resources;
			sourceTree = "<group>";
		};
		2FE5DC3B29EDD7D0004B9AB4 /* Schedule */ = {
			isa = PBXGroup;
			children = (
				2FE5DC4D29EDD7FA004B9AB4 /* Bundle+Questionnaire.swift */,
				2FE5DC4929EDD7FA004B9AB4 /* EventContext.swift */,
				2FE5DC4A29EDD7FA004B9AB4 /* EventContextView.swift */,
				2FE5DC4829EDD7FA004B9AB4 /* ScheduleView.swift */,
				2FE5DC4C29EDD7FA004B9AB4 /* StudyApplicationScheduler.swift */,
				2FE5DC4B29EDD7FA004B9AB4 /* StudyApplicationTaskContext.swift */,
				27FA298F2A388E9B009CAC45 /* ModalView.swift */,
			);
			path = Schedule;
			sourceTree = "<group>";
		};
		2FE5DC3C29EDD7DA004B9AB4 /* SharedContext */ = {
			isa = PBXGroup;
			children = (
				2FBF11902BB0A9970084DC05 /* StudyApplicationListCard.swift */,
				2FE5DC3E29EDD7ED004B9AB4 /* FeatureFlags.swift */,
				2FE5DC3F29EDD7EE004B9AB4 /* StorageKeys.swift */,
			);
			path = SharedContext;
			sourceTree = "<group>";
		};
		2FE5DC3D29EDD7E4004B9AB4 /* Helper */ = {
			isa = PBXGroup;
			children = (
				2FE5DC4229EDD7F2004B9AB4 /* Binding+Negate.swift */,
				2FE5DC4429EDD7F2004B9AB4 /* CodableArray+RawRepresentable.swift */,
				2F2A56B92B9DAA5500B3534C /* String+LocalizedError.swift */,
				2FBF11742BAF69BA0084DC05 /* Observation+Continous.swift */,
			);
			path = Helper;
			sourceTree = "<group>";
		};
		56F6F29E2AB441640022FE5A /* Contributions */ = {
			isa = PBXGroup;
			children = (
				56F6F29F2AB441930022FE5A /* ContributionsList.swift */,
				5680DD382AB8983D004E6D4A /* PackageCell.swift */,
				566155282AB8447C00209B80 /* Package+LicenseType.swift */,
				5661552D2AB854C000209B80 /* PackageHelper.swift */,
			);
			path = Contributions;
			sourceTree = "<group>";
		};
		653A2544283387FE005D4D48 = {
			isa = PBXGroup;
			children = (
				2FC94CD4298B0A1D009C8209 /* StudyApplication.xctestplan */,
				653A254F283387FE005D4D48 /* StudyApplication */,
				653A256028338800005D4D48 /* StudyApplicationTests */,
				653A256A28338800005D4D48 /* StudyApplicationUITests */,
				653A254E283387FE005D4D48 /* Products */,
				653A258B283395A7005D4D48 /* Frameworks */,
			);
			sourceTree = "<group>";
		};
		653A254E283387FE005D4D48 /* Products */ = {
			isa = PBXGroup;
			children = (
				653A254D283387FE005D4D48 /* StudyApplication.app */,
				653A255D28338800005D4D48 /* StudyApplicationTests.xctest */,
				653A256728338800005D4D48 /* StudyApplicationUITests.xctest */,
			);
			name = Products;
			sourceTree = "<group>";
		};
		653A254F283387FE005D4D48 /* StudyApplication */ = {
			isa = PBXGroup;
			children = (
				653A2550283387FE005D4D48 /* StudyApplication.swift */,
				2F2A56B42B9DA74100B3534C /* StudyApplicationDelegate.swift */,
				2FF53D8C2A8729D600042B76 /* StudyApplicationStandard.swift */,
				2F2A56B52B9DA74100B3534C /* StudyApplicationTestingSetup.swift */,
				2FC975A72978F11A00BA99FE /* MainView.swift */,
				2F2168AD2BA4F39D004603AE /* Home */,
				2FC5FB872B34F08500F13E59 /* Study */,
				2FBF11822BB0981D0084DC05 /* Engagements */,
				2FC5FB802B34E69400F13E59 /* StudyOnboarding */,
				2FC5FB8E2B34F20200F13E59 /* Studies */,
				2FE5DC2829EDD398004B9AB4 /* Onboarding */,
				2FD08B5C2B9DBE7800AC7523 /* Firebase */,
				2FE5DC3B29EDD7D0004B9AB4 /* Schedule */,
				56F6F29E2AB441640022FE5A /* Contributions */,
				2FE5DC3C29EDD7DA004B9AB4 /* SharedContext */,
				2FE5DC3D29EDD7E4004B9AB4 /* Helper */,
				2FE5DC2D29EDD792004B9AB4 /* Resources */,
				2FC9759D2978E30800BA99FE /* Supporting Files */,
			);
			path = StudyApplication;
			sourceTree = "<group>";
		};
		653A256028338800005D4D48 /* StudyApplicationTests */ = {
			isa = PBXGroup;
			children = (
				653A256128338800005D4D48 /* StudyApplicationTests.swift */,
			);
			path = StudyApplicationTests;
			sourceTree = "<group>";
		};
		653A256A28338800005D4D48 /* StudyApplicationUITests */ = {
			isa = PBXGroup;
			children = (
				2FC5FB842B34EA6700F13E59 /* StudyApplicationUITests.swift */,
			);
			path = StudyApplicationUITests;
			sourceTree = "<group>";
		};
		653A258B283395A7005D4D48 /* Frameworks */ = {
			isa = PBXGroup;
			children = (
			);
			name = Frameworks;
			sourceTree = "<group>";
		};
/* End PBXGroup section */

/* Begin PBXNativeTarget section */
		653A254C283387FE005D4D48 /* StudyApplication */ = {
			isa = PBXNativeTarget;
			buildConfigurationList = 653A257128338800005D4D48 /* Build configuration list for PBXNativeTarget "StudyApplication" */;
			buildPhases = (
				653A2549283387FE005D4D48 /* Sources */,
				653A254A283387FE005D4D48 /* Frameworks */,
				653A254B283387FE005D4D48 /* Resources */,
				2F5B528D29BD237B002020B7 /* ShellScript */,
			);
			buildRules = (
			);
			dependencies = (
				566155222AB83CF200209B80 /* PBXTargetDependency */,
			);
			name = StudyApplication;
			packageProductDependencies = (
				2F49B7752980407B00BCB272 /* Spezi */,
				2FE5DC6629EDD894004B9AB4 /* SpeziContact */,
				2FE5DC7129EDD8D3004B9AB4 /* SpeziHealthKit */,
				2FE5DC8329EDD934004B9AB4 /* SpeziQuestionnaire */,
				2FE5DC8929EDD972004B9AB4 /* SpeziLocalStorage */,
				2FE5DC8B29EDD972004B9AB4 /* SpeziSecureStorage */,
				2FE5DC8E29EDD980004B9AB4 /* SpeziViews */,
				2FBD738B2A3BD150004228E7 /* SpeziScheduler */,
				2F3D4ABB2A4E7C290068FB2F /* SpeziScheduler */,
				2FE5DC8029EDD91D004B9AB4 /* SpeziOnboarding */,
				2FB099AE2A875DF100B20952 /* FirebaseAuth */,
				2FB099B02A875DF100B20952 /* FirebaseFirestore */,
				2FB099B22A875DF100B20952 /* FirebaseFirestoreSwift */,
				2FB099B52A875E2B00B20952 /* HealthKitOnFHIR */,
				5661551C2AB8384200209B80 /* SwiftPackageList */,
				9739A0C52AD7B5730084BEA5 /* FirebaseStorage */,
				2F2A56AE2B9DA6DF00B3534C /* SpeziFirebaseConfiguration */,
				2F2A56B02B9DA6DF00B3534C /* SpeziFirebaseStorage */,
				2F2A56B22B9DA6DF00B3534C /* SpeziFirestore */,
				2FD08B612B9DC17200AC7523 /* FirebaseFunctions */,
				2FD08B692B9DC4D100AC7523 /* SpeziValidation */,
				2FBF118D2BB0A5110084DC05 /* OrderedCollections */,
			);
			productName = StudyApplication;
			productReference = 653A254D283387FE005D4D48 /* StudyApplication.app */;
			productType = "com.apple.product-type.application";
		};
		653A255C28338800005D4D48 /* StudyApplicationTests */ = {
			isa = PBXNativeTarget;
			buildConfigurationList = 653A257428338800005D4D48 /* Build configuration list for PBXNativeTarget "StudyApplicationTests" */;
			buildPhases = (
				653A255928338800005D4D48 /* Sources */,
				653A255A28338800005D4D48 /* Frameworks */,
				653A255B28338800005D4D48 /* Resources */,
			);
			buildRules = (
			);
			dependencies = (
				653A255F28338800005D4D48 /* PBXTargetDependency */,
			);
			name = StudyApplicationTests;
			productName = StudyApplicationTests;
			productReference = 653A255D28338800005D4D48 /* StudyApplicationTests.xctest */;
			productType = "com.apple.product-type.bundle.unit-test";
		};
		653A256628338800005D4D48 /* StudyApplicationUITests */ = {
			isa = PBXNativeTarget;
			buildConfigurationList = 653A257728338800005D4D48 /* Build configuration list for PBXNativeTarget "StudyApplicationUITests" */;
			buildPhases = (
				653A256328338800005D4D48 /* Sources */,
				653A256428338800005D4D48 /* Frameworks */,
				653A256528338800005D4D48 /* Resources */,
			);
			buildRules = (
			);
			dependencies = (
				653A256928338800005D4D48 /* PBXTargetDependency */,
			);
			name = StudyApplicationUITests;
			packageProductDependencies = (
				2FE5DC9829EDD9D9004B9AB4 /* XCTestExtensions */,
				2FE5DC9B29EDD9EF004B9AB4 /* XCTHealthKit */,
			);
			productName = StudyApplicationUITests;
			productReference = 653A256728338800005D4D48 /* StudyApplicationUITests.xctest */;
			productType = "com.apple.product-type.bundle.ui-testing";
		};
/* End PBXNativeTarget section */

/* Begin PBXProject section */
		653A2545283387FE005D4D48 /* Project object */ = {
			isa = PBXProject;
			attributes = {
				BuildIndependentTargetsInParallel = 1;
				LastSwiftUpdateCheck = 1340;
				LastUpgradeCheck = 1530;
				TargetAttributes = {
					653A254C283387FE005D4D48 = {
						CreatedOnToolsVersion = 13.4;
					};
					653A255C28338800005D4D48 = {
						CreatedOnToolsVersion = 13.4;
						TestTargetID = 653A254C283387FE005D4D48;
					};
					653A256628338800005D4D48 = {
						CreatedOnToolsVersion = 13.4;
						LastSwiftMigration = 1510;
						TestTargetID = 653A254C283387FE005D4D48;
					};
				};
			};
			buildConfigurationList = 653A2548283387FE005D4D48 /* Build configuration list for PBXProject "StudyApplication" */;
			compatibilityVersion = "Xcode 13.0";
			developmentRegion = en;
			hasScannedForEncodings = 0;
			knownRegions = (
				en,
				Base,
			);
			mainGroup = 653A2544283387FE005D4D48;
			packageReferences = (
				2F49B7742980407B00BCB272 /* XCRemoteSwiftPackageReference "Spezi" */,
				2FE5DC6229EDD883004B9AB4 /* XCRemoteSwiftPackageReference "SpeziAccount" */,
				2FE5DC6529EDD894004B9AB4 /* XCRemoteSwiftPackageReference "SpeziContact" */,
				2FE5DC7029EDD8D3004B9AB4 /* XCRemoteSwiftPackageReference "SpeziHealthKit" */,
				2FE5DC8229EDD934004B9AB4 /* XCRemoteSwiftPackageReference "SpeziQuestionnaire" */,
				2FE5DC8829EDD972004B9AB4 /* XCRemoteSwiftPackageReference "SpeziStorage" */,
				2FE5DC8D29EDD980004B9AB4 /* XCRemoteSwiftPackageReference "SpeziViews" */,
				2FE5DC9029EDD9C3004B9AB4 /* XCRemoteSwiftPackageReference "firebase-ios-sdk" */,
				2FE5DC9729EDD9D9004B9AB4 /* XCRemoteSwiftPackageReference "XCTestExtensions" */,
				2FE5DC9A29EDD9EF004B9AB4 /* XCRemoteSwiftPackageReference "XCTHealthKit" */,
				2F3D4ABA2A4E7C290068FB2F /* XCRemoteSwiftPackageReference "SpeziScheduler" */,
				97F466E62A76BBEE005DC9B4 /* XCRemoteSwiftPackageReference "SpeziOnboarding" */,
				2FB099B42A875E2B00B20952 /* XCRemoteSwiftPackageReference "HealthKitOnFHIR" */,
				5661551B2AB8384200209B80 /* XCRemoteSwiftPackageReference "swift-package-list" */,
				2F2A56A92B9DA6DF00B3534C /* XCRemoteSwiftPackageReference "SpeziFirebase" */,
				2FBF118C2BB0A5110084DC05 /* XCRemoteSwiftPackageReference "swift-collections" */,
			);
			productRefGroup = 653A254E283387FE005D4D48 /* Products */;
			projectDirPath = "";
			projectRoot = "";
			targets = (
				653A254C283387FE005D4D48 /* StudyApplication */,
				653A255C28338800005D4D48 /* StudyApplicationTests */,
				653A256628338800005D4D48 /* StudyApplicationUITests */,
			);
		};
/* End PBXProject section */

/* Begin PBXResourcesBuildPhase section */
		653A254B283387FE005D4D48 /* Resources */ = {
			isa = PBXResourcesBuildPhase;
			buildActionMask = 2147483647;
			files = (
				2F3AF7362B9D9B8400340B4F /* Peripheral Artery Questionnaire (PAQ).json in Resources */,
				2FC3439229EE634B002D773C /* ConsentDocument.md in Resources */,
				2FC5FBC72B357BD700F13E59 /* PAD Walking Impairment.json in Resources */,
				2FC5FBC62B357BD700F13E59 /* Exercise Benefits Barriers.json in Resources */,
				2FC5FBCA2B357BD700F13E59 /* Berlin.json in Resources */,
				2FC3439129EE6349002D773C /* AppIcon.png in Resources */,
				653A255528338800005D4D48 /* Assets.xcassets in Resources */,
				2FC5FBC52B357BD700F13E59 /* AHA LE8.json in Resources */,
				2FC5FBC92B357BD700F13E59 /* PHQ-9 Depression.json in Resources */,
				2FC3439029EE6346002D773C /* SocialSupportQuestionnaire.json in Resources */,
				2FC5FBC82B357BD700F13E59 /* Physical Activity Questionnaire.json in Resources */,
				2FA0BFED2ACC977500E0EF83 /* Localizable.xcstrings in Resources */,
				2F6025CB29BBE70F0045459E /* GoogleService-Info.plist in Resources */,
			);
			runOnlyForDeploymentPostprocessing = 0;
		};
		653A255B28338800005D4D48 /* Resources */ = {
			isa = PBXResourcesBuildPhase;
			buildActionMask = 2147483647;
			files = (
			);
			runOnlyForDeploymentPostprocessing = 0;
		};
		653A256528338800005D4D48 /* Resources */ = {
			isa = PBXResourcesBuildPhase;
			buildActionMask = 2147483647;
			files = (
			);
			runOnlyForDeploymentPostprocessing = 0;
		};
/* End PBXResourcesBuildPhase section */

/* Begin PBXShellScriptBuildPhase section */
		2F5B528D29BD237B002020B7 /* ShellScript */ = {
			isa = PBXShellScriptBuildPhase;
			alwaysOutOfDate = 1;
			buildActionMask = 2147483647;
			files = (
			);
			inputFileListPaths = (
			);
			inputPaths = (
			);
			outputFileListPaths = (
			);
			outputPaths = (
			);
			runOnlyForDeploymentPostprocessing = 0;
			shellPath = /bin/sh;
			shellScript = "if [ \"${CONFIGURATION}\" = \"Debug\" ]; then\n  export PATH=\"$PATH:/opt/homebrew/bin\"\n  if which swiftlint > /dev/null; then\n    swiftlint\n  else\n    echo \"warning: SwiftLint not installed, download from https://github.com/realm/SwiftLint\"\n  fi\nfi\n";
		};
/* End PBXShellScriptBuildPhase section */

/* Begin PBXSourcesBuildPhase section */
		653A2549283387FE005D4D48 /* Sources */ = {
			isa = PBXSourcesBuildPhase;
			buildActionMask = 2147483647;
			files = (
				2FE5DC4129EDD7EE004B9AB4 /* StorageKeys.swift in Sources */,
				2FE5DC3A29EDD7CA004B9AB4 /* Welcome.swift in Sources */,
				2FE5DC3829EDD7CA004B9AB4 /* InterestingModules.swift in Sources */,
				2FC5FB9A2B350B4900F13E59 /* State.swift in Sources */,
				2FE5DC3529EDD7CA004B9AB4 /* Consent.swift in Sources */,
				2FBF11862BB098660084DC05 /* DailyStepCountGoal.swift in Sources */,
				2FC5FBA32B3511E400F13E59 /* StudyOnboardingMechanism.swift in Sources */,
				2F6B41652BB0B6DF00A6ADA2 /* StudyImage.swift in Sources */,
				2FE5DC4529EDD7F2004B9AB4 /* Binding+Negate.swift in Sources */,
				2FC975A82978F11A00BA99FE /* MainView.swift in Sources */,
				2FE5DC4E29EDD7FA004B9AB4 /* ScheduleView.swift in Sources */,
				2FD08B5F2B9DBE9200AC7523 /* FirebaseAccountConfiguration.swift in Sources */,
				2FE5DC3729EDD7CA004B9AB4 /* OnboardingFlow.swift in Sources */,
				2FF53D8D2A8729D600042B76 /* StudyApplicationStandard.swift in Sources */,
				2FBF11792BAF6DFB0084DC05 /* Engagement.swift in Sources */,
				2FBF118B2BB0999D0084DC05 /* StudyEnrollment.swift in Sources */,
				2F2A56B62B9DA74100B3534C /* StudyApplicationDelegate.swift in Sources */,
				2FE5DC4729EDD7F2004B9AB4 /* CodableArray+RawRepresentable.swift in Sources */,
				2FE5DC4029EDD7EE004B9AB4 /* FeatureFlags.swift in Sources */,
				2FBF11752BAF69BA0084DC05 /* Observation+Continous.swift in Sources */,
				2F2A56BA2B9DAA5500B3534C /* String+LocalizedError.swift in Sources */,
				2F2168B32BA4FBF3004603AE /* MockStudy.swift in Sources */,
				2FE5DC4F29EDD7FA004B9AB4 /* EventContext.swift in Sources */,
				2FC5FBB22B35153000F13E59 /* StudyView.swift in Sources */,
				2FE5DC5029EDD7FA004B9AB4 /* EventContextView.swift in Sources */,
				2FC5FBCD2B357F3F00F13E59 /* StudiesView.swift in Sources */,
				2FC5FBA52B3511EA00F13E59 /* InviationCodeStudyOnboardingMechanismError.swift in Sources */,
				2F2168AF2BA4F3A7004603AE /* Home.swift in Sources */,
				2FC5FBA72B3511F400F13E59 /* InviationCodeStudyOnboardingMechanism.swift in Sources */,
				2F6B416A2BB0FE0500A6ADA2 /* Gauge.swift in Sources */,
				2FC5FB942B34F55B00F13E59 /* StudyModule.swift in Sources */,
				2FC5FB8C2B34F1CA00F13E59 /* Organization.swift in Sources */,
				2FD08B652B9DC2E500AC7523 /* FirebaseFunctionsConfiguration.swift in Sources */,
				2FE5DC5329EDD7FA004B9AB4 /* Bundle+Questionnaire.swift in Sources */,
				2FBF11912BB0A9970084DC05 /* StudyApplicationListCard.swift in Sources */,
				2FC5FBA92B3511FA00F13E59 /* InvitationCodeView.swift in Sources */,
				2FE5DC5129EDD7FA004B9AB4 /* StudyApplicationTaskContext.swift in Sources */,
				56F6F2A02AB441930022FE5A /* ContributionsList.swift in Sources */,
				566155292AB8447C00209B80 /* Package+LicenseType.swift in Sources */,
				2FBF11702BAE918B0084DC05 /* DailyStepCountGoalModule.swift in Sources */,
				5680DD392AB8983D004E6D4A /* PackageCell.swift in Sources */,
				2FE5DC5229EDD7FA004B9AB4 /* StudyApplicationScheduler.swift in Sources */,
				653A2551283387FE005D4D48 /* StudyApplication.swift in Sources */,
				2FC5FBAF2B3513DD00F13E59 /* StudyError.swift in Sources */,
				2FE5DC3629EDD7CA004B9AB4 /* HealthKitPermissions.swift in Sources */,
				2F6B41682BB0B6E300A6ADA2 /* StudyHeader.swift in Sources */,
				2FC5FBB52B351FF800F13E59 /* StudyOnboardingFlow.swift in Sources */,
				2FC5FB892B34F09500F13E59 /* Study.swift in Sources */,
				2F65B44E2A3B8B0600A36932 /* NotificationPermissions.swift in Sources */,
				5661552E2AB854C000209B80 /* PackageHelper.swift in Sources */,
				2FC5FB922B34F24E00F13E59 /* VascTracStudy.swift in Sources */,
				2FC5FBBC2B35758700F13E59 /* HealthKitAccess.swift in Sources */,
				27FA29902A388E9B009CAC45 /* ModalView.swift in Sources */,
				2F2A56B72B9DA74100B3534C /* StudyApplicationTestingSetup.swift in Sources */,
			);
			runOnlyForDeploymentPostprocessing = 0;
		};
		653A255928338800005D4D48 /* Sources */ = {
			isa = PBXSourcesBuildPhase;
			buildActionMask = 2147483647;
			files = (
				653A256228338800005D4D48 /* StudyApplicationTests.swift in Sources */,
			);
			runOnlyForDeploymentPostprocessing = 0;
		};
		653A256328338800005D4D48 /* Sources */ = {
			isa = PBXSourcesBuildPhase;
			buildActionMask = 2147483647;
			files = (
				2FC5FB852B34EA6700F13E59 /* StudyApplicationUITests.swift in Sources */,
			);
			runOnlyForDeploymentPostprocessing = 0;
		};
/* End PBXSourcesBuildPhase section */

/* Begin PBXTargetDependency section */
		566155222AB83CF200209B80 /* PBXTargetDependency */ = {
			isa = PBXTargetDependency;
			productRef = 566155212AB83CF200209B80 /* SwiftPackageListJSONPlugin */;
		};
		653A255F28338800005D4D48 /* PBXTargetDependency */ = {
			isa = PBXTargetDependency;
			target = 653A254C283387FE005D4D48 /* StudyApplication */;
			targetProxy = 653A255E28338800005D4D48 /* PBXContainerItemProxy */;
		};
		653A256928338800005D4D48 /* PBXTargetDependency */ = {
			isa = PBXTargetDependency;
			target = 653A254C283387FE005D4D48 /* StudyApplication */;
			targetProxy = 653A256828338800005D4D48 /* PBXContainerItemProxy */;
		};
/* End PBXTargetDependency section */

/* Begin XCBuildConfiguration section */
		2FEE10302998C89C000822E1 /* Test */ = {
			isa = XCBuildConfiguration;
			buildSettings = {
				ALWAYS_SEARCH_USER_PATHS = NO;
				ASSETCATALOG_COMPILER_GENERATE_SWIFT_ASSET_SYMBOL_EXTENSIONS = YES;
				CLANG_ANALYZER_NONNULL = YES;
				CLANG_ANALYZER_NUMBER_OBJECT_CONVERSION = YES_AGGRESSIVE;
				CLANG_CXX_LANGUAGE_STANDARD = "gnu++17";
				CLANG_ENABLE_MODULES = YES;
				CLANG_ENABLE_OBJC_ARC = YES;
				CLANG_ENABLE_OBJC_WEAK = YES;
				CLANG_WARN_BLOCK_CAPTURE_AUTORELEASING = YES;
				CLANG_WARN_BOOL_CONVERSION = YES;
				CLANG_WARN_COMMA = YES;
				CLANG_WARN_CONSTANT_CONVERSION = YES;
				CLANG_WARN_DEPRECATED_OBJC_IMPLEMENTATIONS = YES;
				CLANG_WARN_DIRECT_OBJC_ISA_USAGE = YES_ERROR;
				CLANG_WARN_DOCUMENTATION_COMMENTS = YES;
				CLANG_WARN_EMPTY_BODY = YES;
				CLANG_WARN_ENUM_CONVERSION = YES;
				CLANG_WARN_INFINITE_RECURSION = YES;
				CLANG_WARN_INT_CONVERSION = YES;
				CLANG_WARN_NON_LITERAL_NULL_CONVERSION = YES;
				CLANG_WARN_OBJC_IMPLICIT_RETAIN_SELF = YES;
				CLANG_WARN_OBJC_LITERAL_CONVERSION = YES;
				CLANG_WARN_OBJC_ROOT_CLASS = YES_ERROR;
				CLANG_WARN_QUOTED_INCLUDE_IN_FRAMEWORK_HEADER = YES;
				CLANG_WARN_RANGE_LOOP_ANALYSIS = YES;
				CLANG_WARN_STRICT_PROTOTYPES = YES;
				CLANG_WARN_SUSPICIOUS_MOVE = YES;
				CLANG_WARN_UNGUARDED_AVAILABILITY = YES_AGGRESSIVE;
				CLANG_WARN_UNREACHABLE_CODE = YES;
				CLANG_WARN__DUPLICATE_METHOD_MATCH = YES;
				COPY_PHASE_STRIP = NO;
				DEBUG_INFORMATION_FORMAT = dwarf;
				ENABLE_STRICT_OBJC_MSGSEND = YES;
				ENABLE_TESTABILITY = YES;
				GCC_C_LANGUAGE_STANDARD = gnu11;
				GCC_DYNAMIC_NO_PIC = NO;
				GCC_NO_COMMON_BLOCKS = YES;
				GCC_OPTIMIZATION_LEVEL = 0;
				GCC_PREPROCESSOR_DEFINITIONS = (
					"DEBUG=1",
					"$(inherited)",
				);
				GCC_WARN_64_TO_32_BIT_CONVERSION = YES;
				GCC_WARN_ABOUT_RETURN_TYPE = YES_ERROR;
				GCC_WARN_UNDECLARED_SELECTOR = YES;
				GCC_WARN_UNINITIALIZED_AUTOS = YES_AGGRESSIVE;
				GCC_WARN_UNUSED_FUNCTION = YES;
				GCC_WARN_UNUSED_VARIABLE = YES;
				IPHONEOS_DEPLOYMENT_TARGET = 17.0;
				LOCALIZATION_PREFERS_STRING_CATALOGS = YES;
				MTL_ENABLE_DEBUG_INFO = INCLUDE_SOURCE;
				MTL_FAST_MATH = YES;
				ONLY_ACTIVE_ARCH = YES;
				SDKROOT = iphoneos;
				SWIFT_ACTIVE_COMPILATION_CONDITIONS = TEST;
				SWIFT_OPTIMIZATION_LEVEL = "-Onone";
			};
			name = Test;
		};
		2FEE10312998C89C000822E1 /* Test */ = {
			isa = XCBuildConfiguration;
			buildSettings = {
				ASSETCATALOG_COMPILER_APPICON_NAME = AppIcon;
				ASSETCATALOG_COMPILER_GLOBAL_ACCENT_COLOR_NAME = AccentColor;
				CODE_SIGN_ENTITLEMENTS = "StudyApplication/Supporting Files/StudyApplication.entitlements";
				CODE_SIGN_IDENTITY = "Apple Development";
				CODE_SIGN_STYLE = Automatic;
				CURRENT_PROJECT_VERSION = 1;
				DEVELOPMENT_ASSET_PATHS = "";
				DEVELOPMENT_TEAM = "";
				ENABLE_PREVIEWS = YES;
				GENERATE_INFOPLIST_FILE = YES;
				INFOPLIST_FILE = "StudyApplication/Supporting Files/Info.plist";
				INFOPLIST_KEY_CFBundleDisplayName = Spezi;
				INFOPLIST_KEY_NSCameraUsageDescription = "This message should never appear. Please adjust this when you start using camera information. We have to put this in here as ResearchKit has the possibility to use it and not putting it here returns an error on AppStore Connect.";
				INFOPLIST_KEY_NSHealthShareUsageDescription = "The Spezi Study Application uses the step count to demonstrate Spezi's integration with HealthKit.";
				INFOPLIST_KEY_NSHealthUpdateUsageDescription = "The Spezi Study Application uses the step count to demonstrate Spezi's integration with HealthKit.";
				INFOPLIST_KEY_NSLocationAlwaysAndWhenInUseUsageDescription = "This message should never appear. Please adjust this when you start using location information. We have to put this in here as ResearchKit has the possibility to use it and not putting it here returns an error on AppStore Connect.";
				INFOPLIST_KEY_NSLocationWhenInUseUsageDescription = "This message should never appear. Please adjust this when you start using location information. We have to put this in here as ResearchKit has the possibility to use it and not putting it here returns an error on AppStore Connect.";
				INFOPLIST_KEY_NSMicrophoneUsageDescription = "This message should never appear. Please adjust this when you start using microphone information. We have to put this in here as ResearchKit has the possibility to use it and not putting it here returns an error on AppStore Connect.";
				INFOPLIST_KEY_NSMotionUsageDescription = "This message should never appear. Please adjust this when you start using motion information. We have to put this in here as ResearchKit has the possibility to use it and not putting it here returns an error on AppStore Connect.";
				INFOPLIST_KEY_NSSpeechRecognitionUsageDescription = "This message should never appear. Please adjust this when you start using speecg information. We have to put this in here as ResearchKit has the possibility to use it and not putting it here returns an error on AppStore Connect.";
				INFOPLIST_KEY_UILaunchScreen_Generation = YES;
				INFOPLIST_KEY_UIStudyApplicationlicationSceneManifest_Generation = YES;
				INFOPLIST_KEY_UIStudyApplicationlicationSupportsIndirectInputEvents = YES;
				INFOPLIST_KEY_UISupportedInterfaceOrientations = UIInterfaceOrientationPortrait;
				INFOPLIST_KEY_UISupportedInterfaceOrientations_iPad = "UIInterfaceOrientationLandscapeLeft UIInterfaceOrientationLandscapeRight UIInterfaceOrientationPortrait UIInterfaceOrientationPortraitUpsideDown";
				LD_RUNPATH_SEARCH_PATHS = (
					"$(inherited)",
					"@executable_path/Frameworks",
				);
				MARKETING_VERSION = 1.0;
				PRODUCT_BUNDLE_IDENTIFIER = edu.stanford.spezi.studyapplication;
				PRODUCT_NAME = "$(TARGET_NAME)";
				PROVISIONING_PROFILE_SPECIFIER = "";
				SUPPORTED_PLATFORMS = "iphoneos iphonesimulator";
				SUPPORTS_MACCATALYST = NO;
				SUPPORTS_MAC_DESIGNED_FOR_IPHONE_IPAD = NO;
				"SWIFT_ELicenseRef-StudyApplication_LOC_STRINGS" = YES;
				SWIFT_EMIT_LOC_STRINGS = YES;
				SWIFT_VERSION = 5.0;
				TARGETED_DEVICE_FAMILY = 1;
			};
			name = Test;
		};
		2FEE10322998C89C000822E1 /* Test */ = {
			isa = XCBuildConfiguration;
			buildSettings = {
				ALWAYS_EMBED_SWIFT_STANDARD_LIBRARIES = YES;
				BUNDLE_LOADER = "$(TEST_HOST)";
				CODE_SIGN_STYLE = Automatic;
				CURRENT_PROJECT_VERSION = 1;
				DEVELOPMENT_TEAM = 637867499T;
				GENERATE_INFOPLIST_FILE = YES;
				MARKETING_VERSION = 1.0;
				PRODUCT_BUNDLE_IDENTIFIER = edu.stanford.spezi.studyapplication.tests;
				PRODUCT_NAME = "$(TARGET_NAME)";
				"SWIFT_ELicenseRef-StudyApplication_LOC_STRINGS" = NO;
				SWIFT_VERSION = 5.0;
				TARGETED_DEVICE_FAMILY = "1,2";
				TEST_HOST = "$(BUILT_PRODUCTS_DIR)/StudyApplication.app/StudyApplication";
			};
			name = Test;
		};
		2FEE10332998C89C000822E1 /* Test */ = {
			isa = XCBuildConfiguration;
			buildSettings = {
				ALWAYS_EMBED_SWIFT_STANDARD_LIBRARIES = YES;
				CLANG_ENABLE_MODULES = YES;
				CODE_SIGN_STYLE = Automatic;
				CURRENT_PROJECT_VERSION = 1;
				DEVELOPMENT_TEAM = 637867499T;
				GENERATE_INFOPLIST_FILE = YES;
				MARKETING_VERSION = 1.0;
				PRODUCT_BUNDLE_IDENTIFIER = edu.stanford.spezi.studyapplicationuitests;
				PRODUCT_NAME = "$(TARGET_NAME)";
				"SWIFT_ELicenseRef-StudyApplication_LOC_STRINGS" = NO;
				SWIFT_OPTIMIZATION_LEVEL = "-Onone";
				SWIFT_VERSION = 5.0;
				TARGETED_DEVICE_FAMILY = "1,2";
				TEST_TARGET_NAME = StudyApplication;
			};
			name = Test;
		};
		653A256F28338800005D4D48 /* Debug */ = {
			isa = XCBuildConfiguration;
			buildSettings = {
				ALWAYS_SEARCH_USER_PATHS = NO;
				ASSETCATALOG_COMPILER_GENERATE_SWIFT_ASSET_SYMBOL_EXTENSIONS = YES;
				CLANG_ANALYZER_NONNULL = YES;
				CLANG_ANALYZER_NUMBER_OBJECT_CONVERSION = YES_AGGRESSIVE;
				CLANG_CXX_LANGUAGE_STANDARD = "gnu++17";
				CLANG_ENABLE_MODULES = YES;
				CLANG_ENABLE_OBJC_ARC = YES;
				CLANG_ENABLE_OBJC_WEAK = YES;
				CLANG_WARN_BLOCK_CAPTURE_AUTORELEASING = YES;
				CLANG_WARN_BOOL_CONVERSION = YES;
				CLANG_WARN_COMMA = YES;
				CLANG_WARN_CONSTANT_CONVERSION = YES;
				CLANG_WARN_DEPRECATED_OBJC_IMPLEMENTATIONS = YES;
				CLANG_WARN_DIRECT_OBJC_ISA_USAGE = YES_ERROR;
				CLANG_WARN_DOCUMENTATION_COMMENTS = YES;
				CLANG_WARN_EMPTY_BODY = YES;
				CLANG_WARN_ENUM_CONVERSION = YES;
				CLANG_WARN_INFINITE_RECURSION = YES;
				CLANG_WARN_INT_CONVERSION = YES;
				CLANG_WARN_NON_LITERAL_NULL_CONVERSION = YES;
				CLANG_WARN_OBJC_IMPLICIT_RETAIN_SELF = YES;
				CLANG_WARN_OBJC_LITERAL_CONVERSION = YES;
				CLANG_WARN_OBJC_ROOT_CLASS = YES_ERROR;
				CLANG_WARN_QUOTED_INCLUDE_IN_FRAMEWORK_HEADER = YES;
				CLANG_WARN_RANGE_LOOP_ANALYSIS = YES;
				CLANG_WARN_STRICT_PROTOTYPES = YES;
				CLANG_WARN_SUSPICIOUS_MOVE = YES;
				CLANG_WARN_UNGUARDED_AVAILABILITY = YES_AGGRESSIVE;
				CLANG_WARN_UNREACHABLE_CODE = YES;
				CLANG_WARN__DUPLICATE_METHOD_MATCH = YES;
				COPY_PHASE_STRIP = NO;
				DEBUG_INFORMATION_FORMAT = dwarf;
				ENABLE_STRICT_OBJC_MSGSEND = YES;
				ENABLE_TESTABILITY = YES;
				GCC_C_LANGUAGE_STANDARD = gnu11;
				GCC_DYNAMIC_NO_PIC = NO;
				GCC_NO_COMMON_BLOCKS = YES;
				GCC_OPTIMIZATION_LEVEL = 0;
				GCC_PREPROCESSOR_DEFINITIONS = (
					"DEBUG=1",
					"$(inherited)",
				);
				GCC_WARN_64_TO_32_BIT_CONVERSION = YES;
				GCC_WARN_ABOUT_RETURN_TYPE = YES_ERROR;
				GCC_WARN_UNDECLARED_SELECTOR = YES;
				GCC_WARN_UNINITIALIZED_AUTOS = YES_AGGRESSIVE;
				GCC_WARN_UNUSED_FUNCTION = YES;
				GCC_WARN_UNUSED_VARIABLE = YES;
				IPHONEOS_DEPLOYMENT_TARGET = 17.0;
				LOCALIZATION_PREFERS_STRING_CATALOGS = YES;
				MTL_ENABLE_DEBUG_INFO = INCLUDE_SOURCE;
				MTL_FAST_MATH = YES;
				ONLY_ACTIVE_ARCH = YES;
				SDKROOT = iphoneos;
				SWIFT_ACTIVE_COMPILATION_CONDITIONS = DEBUG;
				SWIFT_OPTIMIZATION_LEVEL = "-Onone";
			};
			name = Debug;
		};
		653A257028338800005D4D48 /* Release */ = {
			isa = XCBuildConfiguration;
			buildSettings = {
				ALWAYS_SEARCH_USER_PATHS = NO;
				ASSETCATALOG_COMPILER_GENERATE_SWIFT_ASSET_SYMBOL_EXTENSIONS = YES;
				CLANG_ANALYZER_NONNULL = YES;
				CLANG_ANALYZER_NUMBER_OBJECT_CONVERSION = YES_AGGRESSIVE;
				CLANG_CXX_LANGUAGE_STANDARD = "gnu++17";
				CLANG_ENABLE_MODULES = YES;
				CLANG_ENABLE_OBJC_ARC = YES;
				CLANG_ENABLE_OBJC_WEAK = YES;
				CLANG_WARN_BLOCK_CAPTURE_AUTORELEASING = YES;
				CLANG_WARN_BOOL_CONVERSION = YES;
				CLANG_WARN_COMMA = YES;
				CLANG_WARN_CONSTANT_CONVERSION = YES;
				CLANG_WARN_DEPRECATED_OBJC_IMPLEMENTATIONS = YES;
				CLANG_WARN_DIRECT_OBJC_ISA_USAGE = YES_ERROR;
				CLANG_WARN_DOCUMENTATION_COMMENTS = YES;
				CLANG_WARN_EMPTY_BODY = YES;
				CLANG_WARN_ENUM_CONVERSION = YES;
				CLANG_WARN_INFINITE_RECURSION = YES;
				CLANG_WARN_INT_CONVERSION = YES;
				CLANG_WARN_NON_LITERAL_NULL_CONVERSION = YES;
				CLANG_WARN_OBJC_IMPLICIT_RETAIN_SELF = YES;
				CLANG_WARN_OBJC_LITERAL_CONVERSION = YES;
				CLANG_WARN_OBJC_ROOT_CLASS = YES_ERROR;
				CLANG_WARN_QUOTED_INCLUDE_IN_FRAMEWORK_HEADER = YES;
				CLANG_WARN_RANGE_LOOP_ANALYSIS = YES;
				CLANG_WARN_STRICT_PROTOTYPES = YES;
				CLANG_WARN_SUSPICIOUS_MOVE = YES;
				CLANG_WARN_UNGUARDED_AVAILABILITY = YES_AGGRESSIVE;
				CLANG_WARN_UNREACHABLE_CODE = YES;
				CLANG_WARN__DUPLICATE_METHOD_MATCH = YES;
				COPY_PHASE_STRIP = NO;
				DEBUG_INFORMATION_FORMAT = "dwarf-with-dsym";
				ENABLE_NS_ASSERTIONS = NO;
				ENABLE_STRICT_OBJC_MSGSEND = YES;
				GCC_C_LANGUAGE_STANDARD = gnu11;
				GCC_NO_COMMON_BLOCKS = YES;
				GCC_WARN_64_TO_32_BIT_CONVERSION = YES;
				GCC_WARN_ABOUT_RETURN_TYPE = YES_ERROR;
				GCC_WARN_UNDECLARED_SELECTOR = YES;
				GCC_WARN_UNINITIALIZED_AUTOS = YES_AGGRESSIVE;
				GCC_WARN_UNUSED_FUNCTION = YES;
				GCC_WARN_UNUSED_VARIABLE = YES;
				IPHONEOS_DEPLOYMENT_TARGET = 17.0;
				LOCALIZATION_PREFERS_STRING_CATALOGS = YES;
				MTL_ENABLE_DEBUG_INFO = NO;
				MTL_FAST_MATH = YES;
				SDKROOT = iphoneos;
				SWIFT_COMPILATION_MODE = wholemodule;
				SWIFT_OPTIMIZATION_LEVEL = "-O";
				VALIDATE_PRODUCT = YES;
			};
			name = Release;
		};
		653A257228338800005D4D48 /* Debug */ = {
			isa = XCBuildConfiguration;
			buildSettings = {
				ASSETCATALOG_COMPILER_APPICON_NAME = AppIcon;
				ASSETCATALOG_COMPILER_GLOBAL_ACCENT_COLOR_NAME = AccentColor;
				CODE_SIGN_ENTITLEMENTS = "StudyApplication/Supporting Files/StudyApplication.entitlements";
				CODE_SIGN_IDENTITY = "Apple Development";
				CODE_SIGN_STYLE = Automatic;
				CURRENT_PROJECT_VERSION = 1;
				DEVELOPMENT_ASSET_PATHS = "";
				DEVELOPMENT_TEAM = "";
				ENABLE_PREVIEWS = YES;
				GENERATE_INFOPLIST_FILE = YES;
				INFOPLIST_FILE = "StudyApplication/Supporting Files/Info.plist";
				INFOPLIST_KEY_CFBundleDisplayName = Spezi;
				INFOPLIST_KEY_NSCameraUsageDescription = "This message should never appear. Please adjust this when you start using camera information. We have to put this in here as ResearchKit has the possibility to use it and not putting it here returns an error on AppStore Connect.";
				INFOPLIST_KEY_NSHealthShareUsageDescription = "The Spezi Study Application uses the step count to demonstrate Spezi's integration with HealthKit.";
				INFOPLIST_KEY_NSHealthUpdateUsageDescription = "The Spezi Study Application uses the step count to demonstrate Spezi's integration with HealthKit.";
				INFOPLIST_KEY_NSLocationAlwaysAndWhenInUseUsageDescription = "This message should never appear. Please adjust this when you start using location information. We have to put this in here as ResearchKit has the possibility to use it and not putting it here returns an error on AppStore Connect.";
				INFOPLIST_KEY_NSLocationWhenInUseUsageDescription = "This message should never appear. Please adjust this when you start using location information. We have to put this in here as ResearchKit has the possibility to use it and not putting it here returns an error on AppStore Connect.";
				INFOPLIST_KEY_NSMicrophoneUsageDescription = "This message should never appear. Please adjust this when you start using microphone information. We have to put this in here as ResearchKit has the possibility to use it and not putting it here returns an error on AppStore Connect.";
				INFOPLIST_KEY_NSMotionUsageDescription = "This message should never appear. Please adjust this when you start using motion information. We have to put this in here as ResearchKit has the possibility to use it and not putting it here returns an error on AppStore Connect.";
				INFOPLIST_KEY_NSSpeechRecognitionUsageDescription = "This message should never appear. Please adjust this when you start using speecg information. We have to put this in here as ResearchKit has the possibility to use it and not putting it here returns an error on AppStore Connect.";
				INFOPLIST_KEY_UILaunchScreen_Generation = YES;
				INFOPLIST_KEY_UIStudyApplicationlicationSceneManifest_Generation = YES;
				INFOPLIST_KEY_UIStudyApplicationlicationSupportsIndirectInputEvents = YES;
				INFOPLIST_KEY_UISupportedInterfaceOrientations = UIInterfaceOrientationPortrait;
				INFOPLIST_KEY_UISupportedInterfaceOrientations_iPad = "UIInterfaceOrientationLandscapeLeft UIInterfaceOrientationLandscapeRight UIInterfaceOrientationPortrait UIInterfaceOrientationPortraitUpsideDown";
				LD_RUNPATH_SEARCH_PATHS = (
					"$(inherited)",
					"@executable_path/Frameworks",
				);
				MARKETING_VERSION = 1.0;
				PRODUCT_BUNDLE_IDENTIFIER = edu.stanford.spezi.studyapplication;
				PRODUCT_NAME = "$(TARGET_NAME)";
				PROVISIONING_PROFILE_SPECIFIER = "";
				SUPPORTED_PLATFORMS = "iphoneos iphonesimulator";
				SUPPORTS_MACCATALYST = NO;
				SUPPORTS_MAC_DESIGNED_FOR_IPHONE_IPAD = NO;
				"SWIFT_ELicenseRef-StudyApplication_LOC_STRINGS" = YES;
				SWIFT_EMIT_LOC_STRINGS = YES;
				SWIFT_VERSION = 5.0;
				TARGETED_DEVICE_FAMILY = 1;
			};
			name = Debug;
		};
		653A257328338800005D4D48 /* Release */ = {
			isa = XCBuildConfiguration;
			buildSettings = {
				ASSETCATALOG_COMPILER_APPICON_NAME = AppIcon;
				ASSETCATALOG_COMPILER_GLOBAL_ACCENT_COLOR_NAME = AccentColor;
				CODE_SIGN_ENTITLEMENTS = "StudyApplication/Supporting Files/StudyApplication.entitlements";
				CODE_SIGN_IDENTITY = "Apple Development";
				"CODE_SIGN_IDENTITY[sdk=iphoneos*]" = "iPhone Distribution";
				CODE_SIGN_STYLE = Manual;
				CURRENT_PROJECT_VERSION = 1;
				DEVELOPMENT_ASSET_PATHS = "";
				DEVELOPMENT_TEAM = "";
				"DEVELOPMENT_TEAM[sdk=iphoneos*]" = 637867499T;
				ENABLE_PREVIEWS = YES;
				GENERATE_INFOPLIST_FILE = YES;
				INFOPLIST_FILE = "StudyApplication/Supporting Files/Info.plist";
				INFOPLIST_KEY_CFBundleDisplayName = Spezi;
				INFOPLIST_KEY_NSCameraUsageDescription = "This message should never appear. Please adjust this when you start using camera information. We have to put this in here as ResearchKit has the possibility to use it and not putting it here returns an error on AppStore Connect.";
				INFOPLIST_KEY_NSHealthShareUsageDescription = "The Spezi Study Application uses the step count to demonstrate Spezi's integration with HealthKit.";
				INFOPLIST_KEY_NSHealthUpdateUsageDescription = "The Spezi Study Application uses the step count to demonstrate Spezi's integration with HealthKit.";
				INFOPLIST_KEY_NSLocationAlwaysAndWhenInUseUsageDescription = "This message should never appear. Please adjust this when you start using location information. We have to put this in here as ResearchKit has the possibility to use it and not putting it here returns an error on AppStore Connect.";
				INFOPLIST_KEY_NSLocationWhenInUseUsageDescription = "This message should never appear. Please adjust this when you start using location information. We have to put this in here as ResearchKit has the possibility to use it and not putting it here returns an error on AppStore Connect.";
				INFOPLIST_KEY_NSMicrophoneUsageDescription = "This message should never appear. Please adjust this when you start using microphone information. We have to put this in here as ResearchKit has the possibility to use it and not putting it here returns an error on AppStore Connect.";
				INFOPLIST_KEY_NSMotionUsageDescription = "This message should never appear. Please adjust this when you start using motion information. We have to put this in here as ResearchKit has the possibility to use it and not putting it here returns an error on AppStore Connect.";
				INFOPLIST_KEY_NSSpeechRecognitionUsageDescription = "This message should never appear. Please adjust this when you start using speecg information. We have to put this in here as ResearchKit has the possibility to use it and not putting it here returns an error on AppStore Connect.";
				INFOPLIST_KEY_UILaunchScreen_Generation = YES;
				INFOPLIST_KEY_UIStudyApplicationlicationSceneManifest_Generation = YES;
				INFOPLIST_KEY_UIStudyApplicationlicationSupportsIndirectInputEvents = YES;
				INFOPLIST_KEY_UISupportedInterfaceOrientations = UIInterfaceOrientationPortrait;
				INFOPLIST_KEY_UISupportedInterfaceOrientations_iPad = "UIInterfaceOrientationLandscapeLeft UIInterfaceOrientationLandscapeRight UIInterfaceOrientationPortrait UIInterfaceOrientationPortraitUpsideDown";
				LD_RUNPATH_SEARCH_PATHS = (
					"$(inherited)",
					"@executable_path/Frameworks",
				);
				MARKETING_VERSION = 1.0;
				PRODUCT_BUNDLE_IDENTIFIER = edu.stanford.spezi.studyapplication;
				PRODUCT_NAME = "$(TARGET_NAME)";
				PROVISIONING_PROFILE_SPECIFIER = "";
				"PROVISIONING_PROFILE_SPECIFIER[sdk=iphoneos*]" = "Spezi Study Application";
				SUPPORTED_PLATFORMS = "iphoneos iphonesimulator";
				SUPPORTS_MACCATALYST = NO;
				SUPPORTS_MAC_DESIGNED_FOR_IPHONE_IPAD = NO;
				"SWIFT_ELicenseRef-StudyApplication_LOC_STRINGS" = YES;
				SWIFT_EMIT_LOC_STRINGS = YES;
				SWIFT_VERSION = 5.0;
				TARGETED_DEVICE_FAMILY = 1;
			};
			name = Release;
		};
		653A257528338800005D4D48 /* Debug */ = {
			isa = XCBuildConfiguration;
			buildSettings = {
				ALWAYS_EMBED_SWIFT_STANDARD_LIBRARIES = YES;
				BUNDLE_LOADER = "$(TEST_HOST)";
				CODE_SIGN_STYLE = Automatic;
				CURRENT_PROJECT_VERSION = 1;
				DEVELOPMENT_TEAM = 637867499T;
				GENERATE_INFOPLIST_FILE = YES;
				MARKETING_VERSION = 1.0;
				PRODUCT_BUNDLE_IDENTIFIER = edu.stanford.spezi.studyapplication.tests;
				PRODUCT_NAME = "$(TARGET_NAME)";
				"SWIFT_ELicenseRef-StudyApplication_LOC_STRINGS" = NO;
				SWIFT_VERSION = 5.0;
				TARGETED_DEVICE_FAMILY = "1,2";
				TEST_HOST = "$(BUILT_PRODUCTS_DIR)/StudyApplication.app/StudyApplication";
			};
			name = Debug;
		};
		653A257628338800005D4D48 /* Release */ = {
			isa = XCBuildConfiguration;
			buildSettings = {
				ALWAYS_EMBED_SWIFT_STANDARD_LIBRARIES = YES;
				BUNDLE_LOADER = "$(TEST_HOST)";
				CODE_SIGN_STYLE = Automatic;
				CURRENT_PROJECT_VERSION = 1;
				DEVELOPMENT_TEAM = 637867499T;
				GENERATE_INFOPLIST_FILE = YES;
				MARKETING_VERSION = 1.0;
				PRODUCT_BUNDLE_IDENTIFIER = edu.stanford.spezi.studyapplication.tests;
				PRODUCT_NAME = "$(TARGET_NAME)";
				"SWIFT_ELicenseRef-StudyApplication_LOC_STRINGS" = NO;
				SWIFT_VERSION = 5.0;
				TARGETED_DEVICE_FAMILY = "1,2";
				TEST_HOST = "$(BUILT_PRODUCTS_DIR)/StudyApplication.app/StudyApplication";
			};
			name = Release;
		};
		653A257828338800005D4D48 /* Debug */ = {
			isa = XCBuildConfiguration;
			buildSettings = {
				ALWAYS_EMBED_SWIFT_STANDARD_LIBRARIES = YES;
				CLANG_ENABLE_MODULES = YES;
				CODE_SIGN_STYLE = Automatic;
				CURRENT_PROJECT_VERSION = 1;
				DEVELOPMENT_TEAM = 637867499T;
				GENERATE_INFOPLIST_FILE = YES;
				MARKETING_VERSION = 1.0;
				PRODUCT_BUNDLE_IDENTIFIER = edu.stanford.spezi.studyapplicationuitests;
				PRODUCT_NAME = "$(TARGET_NAME)";
				"SWIFT_ELicenseRef-StudyApplication_LOC_STRINGS" = NO;
				SWIFT_OPTIMIZATION_LEVEL = "-Onone";
				SWIFT_VERSION = 5.0;
				TARGETED_DEVICE_FAMILY = "1,2";
				TEST_TARGET_NAME = StudyApplication;
			};
			name = Debug;
		};
		653A257928338800005D4D48 /* Release */ = {
			isa = XCBuildConfiguration;
			buildSettings = {
				ALWAYS_EMBED_SWIFT_STANDARD_LIBRARIES = YES;
				CLANG_ENABLE_MODULES = YES;
				CODE_SIGN_STYLE = Automatic;
				CURRENT_PROJECT_VERSION = 1;
				DEVELOPMENT_TEAM = 637867499T;
				GENERATE_INFOPLIST_FILE = YES;
				MARKETING_VERSION = 1.0;
				PRODUCT_BUNDLE_IDENTIFIER = edu.stanford.spezi.studyapplicationuitests;
				PRODUCT_NAME = "$(TARGET_NAME)";
				"SWIFT_ELicenseRef-StudyApplication_LOC_STRINGS" = NO;
				SWIFT_VERSION = 5.0;
				TARGETED_DEVICE_FAMILY = "1,2";
				TEST_TARGET_NAME = StudyApplication;
			};
			name = Release;
		};
/* End XCBuildConfiguration section */

/* Begin XCConfigurationList section */
		653A2548283387FE005D4D48 /* Build configuration list for PBXProject "StudyApplication" */ = {
			isa = XCConfigurationList;
			buildConfigurations = (
				653A256F28338800005D4D48 /* Debug */,
				2FEE10302998C89C000822E1 /* Test */,
				653A257028338800005D4D48 /* Release */,
			);
			defaultConfigurationIsVisible = 0;
			defaultConfigurationName = Release;
		};
		653A257128338800005D4D48 /* Build configuration list for PBXNativeTarget "StudyApplication" */ = {
			isa = XCConfigurationList;
			buildConfigurations = (
				653A257228338800005D4D48 /* Debug */,
				2FEE10312998C89C000822E1 /* Test */,
				653A257328338800005D4D48 /* Release */,
			);
			defaultConfigurationIsVisible = 0;
			defaultConfigurationName = Release;
		};
		653A257428338800005D4D48 /* Build configuration list for PBXNativeTarget "StudyApplicationTests" */ = {
			isa = XCConfigurationList;
			buildConfigurations = (
				653A257528338800005D4D48 /* Debug */,
				2FEE10322998C89C000822E1 /* Test */,
				653A257628338800005D4D48 /* Release */,
			);
			defaultConfigurationIsVisible = 0;
			defaultConfigurationName = Release;
		};
		653A257728338800005D4D48 /* Build configuration list for PBXNativeTarget "StudyApplicationUITests" */ = {
			isa = XCConfigurationList;
			buildConfigurations = (
				653A257828338800005D4D48 /* Debug */,
				2FEE10332998C89C000822E1 /* Test */,
				653A257928338800005D4D48 /* Release */,
			);
			defaultConfigurationIsVisible = 0;
			defaultConfigurationName = Release;
		};
/* End XCConfigurationList section */

/* Begin XCRemoteSwiftPackageReference section */
		2F2A56A92B9DA6DF00B3534C /* XCRemoteSwiftPackageReference "SpeziFirebase" */ = {
			isa = XCRemoteSwiftPackageReference;
			repositoryURL = "https://github.com/StanfordSpezi/SpeziFirebase.git";
			requirement = {
				kind = upToNextMajorVersion;
				minimumVersion = 1.0.1;
			};
		};
		2F3D4ABA2A4E7C290068FB2F /* XCRemoteSwiftPackageReference "SpeziScheduler" */ = {
			isa = XCRemoteSwiftPackageReference;
			repositoryURL = "https://github.com/StanfordSpezi/SpeziScheduler.git";
			requirement = {
				kind = upToNextMinorVersion;
				minimumVersion = 0.8.2;
			};
		};
		2F49B7742980407B00BCB272 /* XCRemoteSwiftPackageReference "Spezi" */ = {
			isa = XCRemoteSwiftPackageReference;
			repositoryURL = "https://github.com/StanfordSpezi/Spezi";
			requirement = {
				kind = upToNextMajorVersion;
				minimumVersion = 1.2.3;
			};
		};
		2FB099B42A875E2B00B20952 /* XCRemoteSwiftPackageReference "HealthKitOnFHIR" */ = {
			isa = XCRemoteSwiftPackageReference;
			repositoryURL = "https://github.com/StanfordBDHG/HealthKitOnFHIR.git";
			requirement = {
				kind = upToNextMinorVersion;
				minimumVersion = 0.2.6;
			};
		};
		2FBF118C2BB0A5110084DC05 /* XCRemoteSwiftPackageReference "swift-collections" */ = {
			isa = XCRemoteSwiftPackageReference;
			repositoryURL = "https://github.com/apple/swift-collections.git";
			requirement = {
				kind = upToNextMajorVersion;
				minimumVersion = 1.1.0;
			};
		};
		2FE5DC6229EDD883004B9AB4 /* XCRemoteSwiftPackageReference "SpeziAccount" */ = {
			isa = XCRemoteSwiftPackageReference;
			repositoryURL = "https://github.com/StanfordSpezi/SpeziAccount.git";
			requirement = {
				kind = upToNextMajorVersion;
				minimumVersion = 1.2.1;
			};
		};
		2FE5DC6529EDD894004B9AB4 /* XCRemoteSwiftPackageReference "SpeziContact" */ = {
			isa = XCRemoteSwiftPackageReference;
			repositoryURL = "https://github.com/StanfordSpezi/SpeziContact.git";
			requirement = {
				kind = upToNextMajorVersion;
				minimumVersion = 1.0.0;
			};
		};
		2FE5DC7029EDD8D3004B9AB4 /* XCRemoteSwiftPackageReference "SpeziHealthKit" */ = {
			isa = XCRemoteSwiftPackageReference;
			repositoryURL = "https://github.com/StanfordSpezi/SpeziHealthKit.git";
			requirement = {
				kind = upToNextMinorVersion;
				minimumVersion = 0.5.3;
			};
		};
		2FE5DC8229EDD934004B9AB4 /* XCRemoteSwiftPackageReference "SpeziQuestionnaire" */ = {
			isa = XCRemoteSwiftPackageReference;
			repositoryURL = "https://github.com/StanfordSpezi/SpeziQuestionnaire.git";
			requirement = {
				kind = upToNextMajorVersion;
				minimumVersion = 1.1.0;
			};
		};
		2FE5DC8829EDD972004B9AB4 /* XCRemoteSwiftPackageReference "SpeziStorage" */ = {
			isa = XCRemoteSwiftPackageReference;
			repositoryURL = "https://github.com/StanfordSpezi/SpeziStorage.git";
			requirement = {
				kind = upToNextMajorVersion;
				minimumVersion = 1.0.2;
			};
		};
		2FE5DC8D29EDD980004B9AB4 /* XCRemoteSwiftPackageReference "SpeziViews" */ = {
			isa = XCRemoteSwiftPackageReference;
			repositoryURL = "https://github.com/StanfordSpezi/SpeziViews.git";
			requirement = {
				kind = upToNextMajorVersion;
				minimumVersion = 1.3.1;
			};
		};
		2FE5DC9029EDD9C3004B9AB4 /* XCRemoteSwiftPackageReference "firebase-ios-sdk" */ = {
			isa = XCRemoteSwiftPackageReference;
			repositoryURL = "https://github.com/firebase/firebase-ios-sdk.git";
			requirement = {
				kind = upToNextMajorVersion;
				minimumVersion = 10.22.1;
			};
		};
		2FE5DC9729EDD9D9004B9AB4 /* XCRemoteSwiftPackageReference "XCTestExtensions" */ = {
			isa = XCRemoteSwiftPackageReference;
			repositoryURL = "https://github.com/StanfordBDHG/XCTestExtensions.git";
			requirement = {
				kind = upToNextMinorVersion;
				minimumVersion = 0.4.10;
			};
		};
		2FE5DC9A29EDD9EF004B9AB4 /* XCRemoteSwiftPackageReference "XCTHealthKit" */ = {
			isa = XCRemoteSwiftPackageReference;
			repositoryURL = "https://github.com/StanfordBDHG/XCTHealthKit.git";
			requirement = {
				kind = upToNextMajorVersion;
				minimumVersion = 0.3.5;
			};
		};
		5661551B2AB8384200209B80 /* XCRemoteSwiftPackageReference "swift-package-list" */ = {
			isa = XCRemoteSwiftPackageReference;
			repositoryURL = "https://github.com/FelixHerrmann/swift-package-list";
			requirement = {
				kind = upToNextMajorVersion;
				minimumVersion = 3.1.0;
			};
		};
		97F466E62A76BBEE005DC9B4 /* XCRemoteSwiftPackageReference "SpeziOnboarding" */ = {
			isa = XCRemoteSwiftPackageReference;
			repositoryURL = "https://github.com/StanfordSpezi/SpeziOnboarding";
			requirement = {
				kind = upToNextMajorVersion;
				minimumVersion = 1.1.1;
			};
		};
/* End XCRemoteSwiftPackageReference section */

/* Begin XCSwiftPackageProductDependency section */
		2F2A56AE2B9DA6DF00B3534C /* SpeziFirebaseConfiguration */ = {
			isa = XCSwiftPackageProductDependency;
			package = 2F2A56A92B9DA6DF00B3534C /* XCRemoteSwiftPackageReference "SpeziFirebase" */;
			productName = SpeziFirebaseConfiguration;
		};
		2F2A56B02B9DA6DF00B3534C /* SpeziFirebaseStorage */ = {
			isa = XCSwiftPackageProductDependency;
			package = 2F2A56A92B9DA6DF00B3534C /* XCRemoteSwiftPackageReference "SpeziFirebase" */;
			productName = SpeziFirebaseStorage;
		};
		2F2A56B22B9DA6DF00B3534C /* SpeziFirestore */ = {
			isa = XCSwiftPackageProductDependency;
			package = 2F2A56A92B9DA6DF00B3534C /* XCRemoteSwiftPackageReference "SpeziFirebase" */;
			productName = SpeziFirestore;
		};
		2F3D4ABB2A4E7C290068FB2F /* SpeziScheduler */ = {
			isa = XCSwiftPackageProductDependency;
			package = 2F3D4ABA2A4E7C290068FB2F /* XCRemoteSwiftPackageReference "SpeziScheduler" */;
			productName = SpeziScheduler;
		};
		2F49B7752980407B00BCB272 /* Spezi */ = {
			isa = XCSwiftPackageProductDependency;
			package = 2F49B7742980407B00BCB272 /* XCRemoteSwiftPackageReference "Spezi" */;
			productName = Spezi;
		};
		2FB099AE2A875DF100B20952 /* FirebaseAuth */ = {
			isa = XCSwiftPackageProductDependency;
			package = 2FE5DC9029EDD9C3004B9AB4 /* XCRemoteSwiftPackageReference "firebase-ios-sdk" */;
			productName = FirebaseAuth;
		};
		2FB099B02A875DF100B20952 /* FirebaseFirestore */ = {
			isa = XCSwiftPackageProductDependency;
			package = 2FE5DC9029EDD9C3004B9AB4 /* XCRemoteSwiftPackageReference "firebase-ios-sdk" */;
			productName = FirebaseFirestore;
		};
		2FB099B22A875DF100B20952 /* FirebaseFirestoreSwift */ = {
			isa = XCSwiftPackageProductDependency;
			package = 2FE5DC9029EDD9C3004B9AB4 /* XCRemoteSwiftPackageReference "firebase-ios-sdk" */;
			productName = FirebaseFirestoreSwift;
		};
		2FB099B52A875E2B00B20952 /* HealthKitOnFHIR */ = {
			isa = XCSwiftPackageProductDependency;
			package = 2FB099B42A875E2B00B20952 /* XCRemoteSwiftPackageReference "HealthKitOnFHIR" */;
			productName = HealthKitOnFHIR;
		};
		2FBD738B2A3BD150004228E7 /* SpeziScheduler */ = {
			isa = XCSwiftPackageProductDependency;
			productName = SpeziScheduler;
		};
		2FBF118D2BB0A5110084DC05 /* OrderedCollections */ = {
			isa = XCSwiftPackageProductDependency;
			package = 2FBF118C2BB0A5110084DC05 /* XCRemoteSwiftPackageReference "swift-collections" */;
			productName = OrderedCollections;
		};
		2FD08B612B9DC17200AC7523 /* FirebaseFunctions */ = {
			isa = XCSwiftPackageProductDependency;
			package = 2FE5DC9029EDD9C3004B9AB4 /* XCRemoteSwiftPackageReference "firebase-ios-sdk" */;
			productName = FirebaseFunctions;
		};
		2FD08B692B9DC4D100AC7523 /* SpeziValidation */ = {
			isa = XCSwiftPackageProductDependency;
			package = 2FE5DC8D29EDD980004B9AB4 /* XCRemoteSwiftPackageReference "SpeziViews" */;
			productName = SpeziValidation;
		};
		2FE5DC6629EDD894004B9AB4 /* SpeziContact */ = {
			isa = XCSwiftPackageProductDependency;
			package = 2FE5DC6529EDD894004B9AB4 /* XCRemoteSwiftPackageReference "SpeziContact" */;
			productName = SpeziContact;
		};
		2FE5DC7129EDD8D3004B9AB4 /* SpeziHealthKit */ = {
			isa = XCSwiftPackageProductDependency;
			package = 2FE5DC7029EDD8D3004B9AB4 /* XCRemoteSwiftPackageReference "SpeziHealthKit" */;
			productName = SpeziHealthKit;
		};
		2FE5DC8029EDD91D004B9AB4 /* SpeziOnboarding */ = {
			isa = XCSwiftPackageProductDependency;
			package = 97F466E62A76BBEE005DC9B4 /* XCRemoteSwiftPackageReference "SpeziOnboarding" */;
			productName = SpeziOnboarding;
		};
		2FE5DC8329EDD934004B9AB4 /* SpeziQuestionnaire */ = {
			isa = XCSwiftPackageProductDependency;
			package = 2FE5DC8229EDD934004B9AB4 /* XCRemoteSwiftPackageReference "SpeziQuestionnaire" */;
			productName = SpeziQuestionnaire;
		};
		2FE5DC8929EDD972004B9AB4 /* SpeziLocalStorage */ = {
			isa = XCSwiftPackageProductDependency;
			package = 2FE5DC8829EDD972004B9AB4 /* XCRemoteSwiftPackageReference "SpeziStorage" */;
			productName = SpeziLocalStorage;
		};
		2FE5DC8B29EDD972004B9AB4 /* SpeziSecureStorage */ = {
			isa = XCSwiftPackageProductDependency;
			package = 2FE5DC8829EDD972004B9AB4 /* XCRemoteSwiftPackageReference "SpeziStorage" */;
			productName = SpeziSecureStorage;
		};
		2FE5DC8E29EDD980004B9AB4 /* SpeziViews */ = {
			isa = XCSwiftPackageProductDependency;
			package = 2FE5DC8D29EDD980004B9AB4 /* XCRemoteSwiftPackageReference "SpeziViews" */;
			productName = SpeziViews;
		};
		2FE5DC9829EDD9D9004B9AB4 /* XCTestExtensions */ = {
			isa = XCSwiftPackageProductDependency;
			package = 2FE5DC9729EDD9D9004B9AB4 /* XCRemoteSwiftPackageReference "XCTestExtensions" */;
			productName = XCTestExtensions;
		};
		2FE5DC9B29EDD9EF004B9AB4 /* XCTHealthKit */ = {
			isa = XCSwiftPackageProductDependency;
			package = 2FE5DC9A29EDD9EF004B9AB4 /* XCRemoteSwiftPackageReference "XCTHealthKit" */;
			productName = XCTHealthKit;
		};
		5661551C2AB8384200209B80 /* SwiftPackageList */ = {
			isa = XCSwiftPackageProductDependency;
			package = 5661551B2AB8384200209B80 /* XCRemoteSwiftPackageReference "swift-package-list" */;
			productName = SwiftPackageList;
		};
		566155212AB83CF200209B80 /* SwiftPackageListJSONPlugin */ = {
			isa = XCSwiftPackageProductDependency;
			package = 5661551B2AB8384200209B80 /* XCRemoteSwiftPackageReference "swift-package-list" */;
			productName = "plugin:SwiftPackageListJSONPlugin";
		};
		9739A0C52AD7B5730084BEA5 /* FirebaseStorage */ = {
			isa = XCSwiftPackageProductDependency;
			package = 2FE5DC9029EDD9C3004B9AB4 /* XCRemoteSwiftPackageReference "firebase-ios-sdk" */;
			productName = FirebaseStorage;
		};
/* End XCSwiftPackageProductDependency section */
	};
	rootObject = 653A2545283387FE005D4D48 /* Project object */;
}
